{
  "version": 4,
  "terraform_version": "1.12.1",
  "serial": 208,
  "lineage": "1f702f53-2940-0646-23d1-6396a10f3964",
  "outputs": {
    "cluster_ca_certificate": {
      "value": "LS0tLS1CRUdJTiBDRVJUSUZJQ0FURS0tLS0tCk1JSUVMRENDQXBTZ0F3SUJBZ0lRUm93aUNMSEcraUsvRVFVQ3RKU1ZCekFOQmdrcWhraUc5dzBCQVFzRkFEQXYKTVMwd0t3WURWUVFERXlSaE5UYzROelJrWVMwM01qWTJMVFF6TmpVdE9EQmhZUzAzTkdFMllUa3dNbVkxWVRJdwpJQmNOTWpVd05qSTJNVFUxTXpVNFdoZ1BNakExTlRBMk1Ua3hOalV6TlRoYU1DOHhMVEFyQmdOVkJBTVRKR0UxCk56ZzNOR1JoTFRjeU5qWXRORE0yTlMwNE1HRmhMVGMwWVRaaE9UQXlaalZoTWpDQ0FhSXdEUVlKS29aSWh2Y04KQVFFQkJRQURnZ0dQQURDQ0FZb0NnZ0dCQU1YV1VHR3U1V2dYeGtoU1AybmMrNXkrcm56ZGY3K0h3ZEZDWjFZRwo3TnJWa01ZQ09vNlV0dVZuTXNUTzJZRElQdStlWGJiNVp3eFYydkhDV1hZSTcxelhUQlZ3SDdjcHZ6US83YUtoCmFuR01vN29VUVFuRHVyaVV3K1JCODVKWGN0RlJ3LzVydjA3ZTFVbU9CMlU5OHpWNTR6NmxVaVY0SkVlU3FkUnUKK1dnQzNxdjZIY1E2OXpYTXY5ODVSRCtPRXY5bitMOTZTZzUySlZGcFNCbmFxWVBYOG5kUnlxdGdaQnp5eWNuawpUeWZJQTdaaVBtZnlBajdGUDAycHVDRzFZbjRxWHlOMllkdlJJYTBROVk5S1V2elV4cStadkx2bkpib3IrZ1pVCjN3c3lNeDNiQ29TNld4RWJEUWU1NHNhSmM1d2lSN0N6bGVwWGd1QldIVS9RNXJlS2xFd1c5S2FzamV3Q25POTcKaGJOa0tIY2Jpd3hFNE41bS9HOVdVdmVFOVNxc3Z3WlA0M3ppdU1uemFXL0lYU1kzSmwyZEoySVVvQ0Q2QWs1QQpDeXhyd0d2MFpGSHo3am9Ma29mYk5OWEhOT2lVRXZqRlMzK0ZhdldzU0luaGZ0NTVJZVV1bkpIVUxLT0d0MHUyClA4bm1WQ2t2UkFDdWhZRCtEaFdib1JWTzB3SURBUUFCbzBJd1FEQU9CZ05WSFE4QkFmOEVCQU1DQWdRd0R3WUQKVlIwVEFRSC9CQVV3QXdFQi96QWRCZ05WSFE0RUZnUVU1ejRyUXcxQkpqTGtJR3FLRWZHb1VqQVpnMEV3RFFZSgpLb1pJaHZjTkFRRUxCUUFEZ2dHQkFJNmxxaW5TNnRNQkVha0FzNjBDTWpCSDdpYlprMGN0WDhJaWM5UTRVTkpLCjdPQUtQWHNqN0tYajJZSmJWeVRjQ1V2UzEvZFF2WllFY01UcGlEYWhURHJBRTV4aUhNazZNUTFWQnRLUG1tb2QKZ1ppWFlRZ0QweXAvbmxSbDlZK2djV1QweUorOU5KZmp6cU5CbkJNUm5aTnBTUXBsaUszYXptanZYb3dmdlVsTQp4K1prZzkvZ2JFWWkyOXlDRUdFVjBVZ2NWL2dWWURHUmVMMVEvUkF1cjl1c0t5VnFyeVZldC9RMS9LSFlER1ZUCmZ3LzBXOVY3cjZ5VUdLSTNHRU92anZ4ajROdG50WTZQc2dvS3RGeXkxcXUwVWdhUm85RDd6V1Nza3NGZ3ZyUS8KNENpVjRKUDZuNWh5V0l5VHV1NzBmaWhKYjRHNEhiRVZCRUxoa2UzUFRCbGtZeGJmam1nRCsxSExLQ1hya09CSwpDcnkxeDR4MzJtckszb3JTVHM1THFTelYvejU3K2JhUXBmYjNOZHpMYTVkR1VzWkhGVVNxeXhtMk5aUGtDR1oxCmhySlFUQkZ0b0lrbzJ0aXQzaFhmNlNYc01jbjRUcy9UTUZnUkRUR3F2UU8rWHUzY0VlYURBL0w5QThGMGphb3oKRyt3R0RKNE1JVFhzS09sOFJBZXc1dz09Ci0tLS0tRU5EIENFUlRJRklDQVRFLS0tLS0K",
      "type": "string",
      "sensitive": true
    },
    "cluster_endpoint": {
      "value": "34.63.20.128",
      "type": "string",
      "sensitive": true
    },
    "cluster_id": {
      "value": "projects/terraformproject-464104/locations/us-central1/clusters/multicloud-dev-gke",
      "type": "string"
    },
    "cluster_name": {
      "value": "multicloud-dev-gke",
      "type": "string"
    },
    "cluster_oidc_issuer_url": {
      "value": "",
      "type": "string"
    },
    "cluster_token": {
      "value": "ya29.a0AS3H6Nzy7Au9WRvdj-odxNVM05fbNCSgNYPp_zrvQwZVis4YZlSEn6UW5Y7GZn7TfeYagS865Wnznnwgj2l0AOcd-Uc7lGcqS5C0tRDsBKT6pCyRsemTizI_sQ8p40nLdz4egbsWlvuLAVmKm-TGpxr2okCX9-e09Crps1CN7gaCgYKAU8SARMSFQHGX2Min4dO9_1LhzaGXYnlWkh13A0177",
      "type": "string",
      "sensitive": true
    },
    "kubectl_config_cmd": {
      "value": {
        "aws": null,
        "gcp": "gcloud container clusters get-credentials multicloud-dev-gke --zone us-central1-a --project terraformproject-464104",
        "oci": null
      },
      "type": [
        "object",
        {
          "aws": "string",
          "gcp": "string",
          "oci": "string"
        }
      ]
    },
    "load_balancer_role_arn": {
      "value": "",
      "type": "string"
    },
    "load_balancer_status": {
      "value": "GCP native load balancer - no controller required",
      "type": "string"
    },
    "nat_gateway_ids": {
      "value": [
        "terraformproject-464104/us-central1/multicloud-dev-vpc-router/multicloud-dev-vpc-nat"
      ],
      "type": [
        "tuple",
        [
          "string"
        ]
      ]
    },
    "oidc_provider_arn": {
      "value": "",
      "type": "string"
    },
    "private_subnet_ids": {
      "value": [
        "projects/terraformproject-464104/regions/us-central1/subnetworks/multicloud-dev-vpc-private-1",
        "projects/terraformproject-464104/regions/us-central1/subnetworks/multicloud-dev-vpc-private-2",
        "projects/terraformproject-464104/regions/us-central1/subnetworks/multicloud-dev-vpc-private-3"
      ],
      "type": [
        "tuple",
        [
          "string",
          "string",
          "string"
        ]
      ]
    },
    "public_subnet_ids": {
      "value": [
        "projects/terraformproject-464104/regions/us-central1/subnetworks/multicloud-dev-vpc-public-1",
        "projects/terraformproject-464104/regions/us-central1/subnetworks/multicloud-dev-vpc-public-2",
        "projects/terraformproject-464104/regions/us-central1/subnetworks/multicloud-dev-vpc-public-3"
      ],
      "type": [
        "tuple",
        [
          "string",
          "string",
          "string"
        ]
      ]
    },
    "vpc_cidr": {
      "value": "10.0.0.0/16",
      "type": "string"
    },
    "vpc_id": {
      "value": "projects/terraformproject-464104/global/networks/multicloud-dev-vpc",
      "type": "string"
    }
  },
  "resources": [
    {
      "module": "module.kubernetes.module.gcp_gke[0]",
      "mode": "data",
      "type": "google_client_config",
      "name": "default",
      "provider": "provider[\"registry.terraform.io/hashicorp/google\"]",
      "instances": [
        {
          "schema_version": 0,
          "attributes": {
            "access_token": "ya29.a0AS3H6Nzy7Au9WRvdj-odxNVM05fbNCSgNYPp_zrvQwZVis4YZlSEn6UW5Y7GZn7TfeYagS865Wnznnwgj2l0AOcd-Uc7lGcqS5C0tRDsBKT6pCyRsemTizI_sQ8p40nLdz4egbsWlvuLAVmKm-TGpxr2okCX9-e09Crps1CN7gaCgYKAU8SARMSFQHGX2Min4dO9_1LhzaGXYnlWkh13A0177",
            "default_labels": {},
            "id": "projects/terraformproject-464104/regions/us-central1/zones/us-central1-a",
            "project": "terraformproject-464104",
            "region": "us-central1",
            "zone": "us-central1-a"
          },
          "sensitive_attributes": [
            [
              {
                "type": "get_attr",
                "value": "access_token"
              }
            ]
          ],
          "identity_schema_version": 0
        }
      ]
    },
    {
      "module": "module.kubernetes.module.gcp_gke[0]",
      "mode": "data",
      "type": "google_compute_network",
      "name": "vpc",
      "provider": "provider[\"registry.terraform.io/hashicorp/google\"]",
      "instances": [
        {
          "schema_version": 0,
          "attributes": {
            "description": "",
            "gateway_ipv4": "",
            "id": "projects/terraformproject-464104/global/networks/multicloud-dev-vpc",
            "internal_ipv6_range": "",
            "name": "multicloud-dev-vpc",
            "network_id": 5971548868719985712,
            "network_profile": "",
            "numeric_id": "5971548868719985712",
            "project": "terraformproject-464104",
            "self_link": "https://www.googleapis.com/compute/v1/projects/terraformproject-464104/global/networks/multicloud-dev-vpc",
            "subnetworks_self_links": [
              "https://www.googleapis.com/compute/v1/projects/terraformproject-464104/regions/us-central1/subnetworks/multicloud-dev-vpc-private-3",
              "https://www.googleapis.com/compute/v1/projects/terraformproject-464104/regions/us-central1/subnetworks/multicloud-dev-vpc-public-1",
              "https://www.googleapis.com/compute/v1/projects/terraformproject-464104/regions/us-central1/subnetworks/multicloud-dev-vpc-public-3",
              "https://www.googleapis.com/compute/v1/projects/terraformproject-464104/regions/us-central1/subnetworks/multicloud-dev-vpc-private-1",
              "https://www.googleapis.com/compute/v1/projects/terraformproject-464104/regions/us-central1/subnetworks/multicloud-dev-vpc-public-2",
              "https://www.googleapis.com/compute/v1/projects/terraformproject-464104/regions/us-central1/subnetworks/multicloud-dev-vpc-private-2"
            ]
          },
          "sensitive_attributes": [],
          "identity_schema_version": 0
        }
      ]
    },
    {
      "module": "module.kubernetes.module.gcp_gke[0]",
      "mode": "data",
      "type": "google_compute_subnetwork",
      "name": "private",
      "provider": "provider[\"registry.terraform.io/hashicorp/google\"]",
      "instances": [
        {
          "schema_version": 0,
          "attributes": {
            "description": "",
            "external_ipv6_prefix": "",
            "gateway_address": "10.0.1.1",
            "id": "projects/terraformproject-464104/regions/us-central1/subnetworks/multicloud-dev-vpc-private-1",
            "internal_ipv6_prefix": "",
            "ip_cidr_range": "10.0.1.0/24",
            "ipv6_access_type": "",
            "name": "multicloud-dev-vpc-private-1",
            "network": "https://www.googleapis.com/compute/v1/projects/terraformproject-464104/global/networks/multicloud-dev-vpc",
            "private_ip_google_access": true,
            "project": "terraformproject-464104",
            "region": "us-central1",
            "secondary_ip_range": [
              {
                "ip_cidr_range": "10.0.160.0/20",
                "range_name": "gke-pods"
              },
              {
                "ip_cidr_range": "10.0.200.0/24",
                "range_name": "gke-services"
              }
            ],
            "self_link": "https://www.googleapis.com/compute/v1/projects/terraformproject-464104/regions/us-central1/subnetworks/multicloud-dev-vpc-private-1",
            "stack_type": "IPV4_ONLY",
            "subnetwork_id": 2666464031416566786
          },
          "sensitive_attributes": [],
          "identity_schema_version": 0
        }
      ]
    },
    {
      "module": "module.kubernetes.module.gcp_gke[0]",
      "mode": "managed",
      "type": "google_container_cluster",
      "name": "primary",
      "provider": "provider[\"registry.terraform.io/hashicorp/google\"]",
      "instances": [
        {
          "schema_version": 2,
          "attributes": {
            "addons_config": [
              {
                "cloudrun_config": [],
                "config_connector_config": [],
                "dns_cache_config": [],
                "gce_persistent_disk_csi_driver_config": [
                  {
                    "enabled": true
                  }
                ],
                "gcp_filestore_csi_driver_config": [],
                "gcs_fuse_csi_driver_config": [],
                "gke_backup_agent_config": [],
                "horizontal_pod_autoscaling": [
                  {
                    "disabled": false
                  }
                ],
                "http_load_balancing": [
                  {
                    "disabled": false
                  }
                ],
                "network_policy_config": [
                  {
                    "disabled": false
                  }
                ],
                "parallelstore_csi_driver_config": [],
                "ray_operator_config": [],
                "stateful_ha_config": []
              }
            ],
            "allow_net_admin": null,
            "authenticator_groups_config": [],
            "binary_authorization": [
              {
                "enabled": false,
                "evaluation_mode": ""
              }
            ],
            "cluster_autoscaling": [
              {
                "auto_provisioning_defaults": [
                  {
                    "boot_disk_kms_key": "",
                    "disk_size": 0,
                    "disk_type": "",
                    "image_type": "COS_CONTAINERD",
                    "management": [
                      {
                        "auto_repair": true,
                        "auto_upgrade": true,
                        "upgrade_options": []
                      }
                    ],
                    "min_cpu_platform": "",
                    "oauth_scopes": [
                      "https://www.googleapis.com/auth/devstorage.read_only",
                      "https://www.googleapis.com/auth/logging.write",
                      "https://www.googleapis.com/auth/monitoring",
                      "https://www.googleapis.com/auth/service.management.readonly",
                      "https://www.googleapis.com/auth/servicecontrol",
                      "https://www.googleapis.com/auth/trace.append"
                    ],
                    "service_account": "default",
                    "shielded_instance_config": [],
                    "upgrade_settings": []
                  }
                ],
                "auto_provisioning_locations": [],
                "autoscaling_profile": "BALANCED",
                "enabled": true,
                "resource_limits": [
                  {
                    "maximum": 100,
                    "minimum": 1,
                    "resource_type": "cpu"
                  },
                  {
                    "maximum": 256,
                    "minimum": 1,
                    "resource_type": "memory"
                  }
                ]
              }
            ],
            "cluster_ipv4_cidr": "10.0.160.0/20",
            "confidential_nodes": [],
            "control_plane_endpoints_config": [
              {
                "dns_endpoint_config": [
                  {
                    "allow_external_traffic": false,
                    "endpoint": "gke-9d6940cc20b949969183b7f8b207342776ed-785875151873.us-central1.gke.goog"
                  }
                ],
                "ip_endpoints_config": [
                  {
                    "enabled": true
                  }
                ]
              }
            ],
            "cost_management_config": [],
            "database_encryption": [
              {
                "key_name": "",
                "state": "DECRYPTED"
              }
            ],
            "datapath_provider": "",
            "default_max_pods_per_node": 110,
            "default_snat_status": [
              {
                "disabled": false
              }
            ],
            "deletion_protection": false,
            "description": "",
            "disable_l4_lb_firewall_reconciliation": false,
            "dns_config": [],
            "effective_labels": {
              "environment": "dev",
              "goog-terraform-provisioned": "true",
              "managed-by": "terraform",
              "module": "kubernetes",
              "owner": "devops-team",
              "project": "multicloud"
            },
            "enable_autopilot": false,
            "enable_cilium_clusterwide_network_policy": false,
            "enable_fqdn_network_policy": false,
            "enable_intranode_visibility": false,
            "enable_k8s_beta_apis": [],
            "enable_kubernetes_alpha": false,
            "enable_l4_ilb_subsetting": false,
            "enable_legacy_abac": false,
            "enable_multi_networking": false,
            "enable_shielded_nodes": true,
            "enable_tpu": false,
            "endpoint": "34.63.20.128",
            "enterprise_config": [
              {
                "cluster_tier": "STANDARD",
                "desired_tier": ""
              }
            ],
            "fleet": [],
            "gateway_api_config": [],
            "id": "projects/terraformproject-464104/locations/us-central1/clusters/multicloud-dev-gke",
            "identity_service_config": [],
            "in_transit_encryption_config": "",
            "initial_node_count": 1,
            "ip_allocation_policy": [
              {
                "additional_pod_ranges_config": [],
                "cluster_ipv4_cidr_block": "10.0.160.0/20",
                "cluster_secondary_range_name": "gke-pods",
                "pod_cidr_overprovision_config": [
                  {
                    "disabled": false
                  }
                ],
                "services_ipv4_cidr_block": "10.0.200.0/24",
                "services_secondary_range_name": "gke-services",
                "stack_type": "IPV4"
              }
            ],
            "label_fingerprint": "41c7f1ce",
            "location": "us-central1",
            "logging_config": [
              {
                "enable_components": [
                  "SYSTEM_COMPONENTS",
                  "WORKLOADS"
                ]
              }
            ],
            "logging_service": "logging.googleapis.com/kubernetes",
            "maintenance_policy": [
              {
                "daily_maintenance_window": [
                  {
                    "duration": "PT4H0M0S",
                    "start_time": "03:00"
                  }
                ],
                "maintenance_exclusion": [],
                "recurring_window": []
              }
            ],
            "master_auth": [
              {
                "client_certificate": "",
                "client_certificate_config": [
                  {
                    "issue_client_certificate": false
                  }
                ],
                "client_key": "",
                "cluster_ca_certificate": "LS0tLS1CRUdJTiBDRVJUSUZJQ0FURS0tLS0tCk1JSUVMRENDQXBTZ0F3SUJBZ0lRUm93aUNMSEcraUsvRVFVQ3RKU1ZCekFOQmdrcWhraUc5dzBCQVFzRkFEQXYKTVMwd0t3WURWUVFERXlSaE5UYzROelJrWVMwM01qWTJMVFF6TmpVdE9EQmhZUzAzTkdFMllUa3dNbVkxWVRJdwpJQmNOTWpVd05qSTJNVFUxTXpVNFdoZ1BNakExTlRBMk1Ua3hOalV6TlRoYU1DOHhMVEFyQmdOVkJBTVRKR0UxCk56ZzNOR1JoTFRjeU5qWXRORE0yTlMwNE1HRmhMVGMwWVRaaE9UQXlaalZoTWpDQ0FhSXdEUVlKS29aSWh2Y04KQVFFQkJRQURnZ0dQQURDQ0FZb0NnZ0dCQU1YV1VHR3U1V2dYeGtoU1AybmMrNXkrcm56ZGY3K0h3ZEZDWjFZRwo3TnJWa01ZQ09vNlV0dVZuTXNUTzJZRElQdStlWGJiNVp3eFYydkhDV1hZSTcxelhUQlZ3SDdjcHZ6US83YUtoCmFuR01vN29VUVFuRHVyaVV3K1JCODVKWGN0RlJ3LzVydjA3ZTFVbU9CMlU5OHpWNTR6NmxVaVY0SkVlU3FkUnUKK1dnQzNxdjZIY1E2OXpYTXY5ODVSRCtPRXY5bitMOTZTZzUySlZGcFNCbmFxWVBYOG5kUnlxdGdaQnp5eWNuawpUeWZJQTdaaVBtZnlBajdGUDAycHVDRzFZbjRxWHlOMllkdlJJYTBROVk5S1V2elV4cStadkx2bkpib3IrZ1pVCjN3c3lNeDNiQ29TNld4RWJEUWU1NHNhSmM1d2lSN0N6bGVwWGd1QldIVS9RNXJlS2xFd1c5S2FzamV3Q25POTcKaGJOa0tIY2Jpd3hFNE41bS9HOVdVdmVFOVNxc3Z3WlA0M3ppdU1uemFXL0lYU1kzSmwyZEoySVVvQ0Q2QWs1QQpDeXhyd0d2MFpGSHo3am9Ma29mYk5OWEhOT2lVRXZqRlMzK0ZhdldzU0luaGZ0NTVJZVV1bkpIVUxLT0d0MHUyClA4bm1WQ2t2UkFDdWhZRCtEaFdib1JWTzB3SURBUUFCbzBJd1FEQU9CZ05WSFE4QkFmOEVCQU1DQWdRd0R3WUQKVlIwVEFRSC9CQVV3QXdFQi96QWRCZ05WSFE0RUZnUVU1ejRyUXcxQkpqTGtJR3FLRWZHb1VqQVpnMEV3RFFZSgpLb1pJaHZjTkFRRUxCUUFEZ2dHQkFJNmxxaW5TNnRNQkVha0FzNjBDTWpCSDdpYlprMGN0WDhJaWM5UTRVTkpLCjdPQUtQWHNqN0tYajJZSmJWeVRjQ1V2UzEvZFF2WllFY01UcGlEYWhURHJBRTV4aUhNazZNUTFWQnRLUG1tb2QKZ1ppWFlRZ0QweXAvbmxSbDlZK2djV1QweUorOU5KZmp6cU5CbkJNUm5aTnBTUXBsaUszYXptanZYb3dmdlVsTQp4K1prZzkvZ2JFWWkyOXlDRUdFVjBVZ2NWL2dWWURHUmVMMVEvUkF1cjl1c0t5VnFyeVZldC9RMS9LSFlER1ZUCmZ3LzBXOVY3cjZ5VUdLSTNHRU92anZ4ajROdG50WTZQc2dvS3RGeXkxcXUwVWdhUm85RDd6V1Nza3NGZ3ZyUS8KNENpVjRKUDZuNWh5V0l5VHV1NzBmaWhKYjRHNEhiRVZCRUxoa2UzUFRCbGtZeGJmam1nRCsxSExLQ1hya09CSwpDcnkxeDR4MzJtckszb3JTVHM1THFTelYvejU3K2JhUXBmYjNOZHpMYTVkR1VzWkhGVVNxeXhtMk5aUGtDR1oxCmhySlFUQkZ0b0lrbzJ0aXQzaFhmNlNYc01jbjRUcy9UTUZnUkRUR3F2UU8rWHUzY0VlYURBL0w5QThGMGphb3oKRyt3R0RKNE1JVFhzS09sOFJBZXc1dz09Ci0tLS0tRU5EIENFUlRJRklDQVRFLS0tLS0K"
              }
            ],
            "master_authorized_networks_config": [
              {
                "cidr_blocks": [
                  {
                    "cidr_block": "0.0.0.0/0",
                    "display_name": "All"
                  }
                ],
                "gcp_public_cidrs_access_enabled": false,
                "private_endpoint_enforcement_enabled": true
              }
            ],
            "master_version": "1.30.12-gke.1151000",
            "mesh_certificates": [],
            "min_master_version": "1.30",
            "monitoring_config": [
              {
                "advanced_datapath_observability_config": [
                  {
                    "enable_metrics": false,
                    "enable_relay": false
                  }
                ],
                "enable_components": [
                  "SYSTEM_COMPONENTS",
                  "STATEFULSET",
                  "STORAGE",
                  "HPA",
                  "POD",
                  "DAEMONSET",
                  "DEPLOYMENT",
                  "CADVISOR",
                  "KUBELET"
                ],
                "managed_prometheus": [
                  {
                    "auto_monitoring_config": [],
                    "enabled": true
                  }
                ]
              }
            ],
            "monitoring_service": "monitoring.googleapis.com/kubernetes",
            "name": "multicloud-dev-gke",
            "network": "projects/terraformproject-464104/global/networks/multicloud-dev-vpc",
            "network_performance_config": [],
            "network_policy": [
              {
                "enabled": true,
                "provider": "CALICO"
              }
            ],
            "networking_mode": "VPC_NATIVE",
            "node_config": [
              {
                "advanced_machine_features": [],
                "boot_disk_kms_key": "",
                "confidential_nodes": [],
                "containerd_config": [],
                "disk_size_gb": 100,
                "disk_type": "pd-balanced",
                "effective_taints": [],
                "enable_confidential_storage": false,
                "ephemeral_storage_local_ssd_config": [],
                "fast_socket": [],
                "flex_start": false,
                "gcfs_config": [],
                "guest_accelerator": [],
                "gvnic": [],
                "host_maintenance_policy": [],
                "image_type": "COS_CONTAINERD",
                "kubelet_config": [
                  {
                    "allowed_unsafe_sysctls": [],
                    "container_log_max_files": 0,
                    "container_log_max_size": "",
                    "cpu_cfs_quota": false,
                    "cpu_cfs_quota_period": "",
                    "cpu_manager_policy": "",
                    "image_gc_high_threshold_percent": 0,
                    "image_gc_low_threshold_percent": 0,
                    "image_maximum_gc_age": "",
                    "image_minimum_gc_age": "",
                    "insecure_kubelet_readonly_port_enabled": "TRUE",
                    "pod_pids_limit": 0
                  }
                ],
                "labels": {},
                "linux_node_config": [],
                "local_nvme_ssd_block_config": [],
                "local_ssd_count": 0,
                "local_ssd_encryption_mode": "",
                "logging_variant": "DEFAULT",
                "machine_type": "e2-standard-2",
                "max_run_duration": "",
                "metadata": {
                  "disable-legacy-endpoints": "true"
                },
                "min_cpu_platform": "",
                "node_group": "",
                "oauth_scopes": [
                  "https://www.googleapis.com/auth/devstorage.read_only",
                  "https://www.googleapis.com/auth/logging.write",
                  "https://www.googleapis.com/auth/monitoring",
                  "https://www.googleapis.com/auth/service.management.readonly",
                  "https://www.googleapis.com/auth/servicecontrol",
                  "https://www.googleapis.com/auth/trace.append"
                ],
                "preemptible": false,
                "reservation_affinity": [],
                "resource_labels": {
                  "goog-gke-node-pool-provisioning-model": "on-demand"
                },
                "resource_manager_tags": {},
                "secondary_boot_disks": [],
                "service_account": "default",
                "shielded_instance_config": [
                  {
                    "enable_integrity_monitoring": true,
                    "enable_secure_boot": false
                  }
                ],
                "sole_tenant_config": [],
                "spot": false,
                "storage_pools": [],
                "tags": [],
                "taint": [],
                "windows_node_config": [
                  {
                    "osversion": ""
                  }
                ],
                "workload_metadata_config": [
                  {
                    "mode": "GKE_METADATA"
                  }
                ]
              }
            ],
            "node_locations": [
              "us-central1-b",
              "us-central1-c",
              "us-central1-f"
            ],
            "node_pool": [
              {
                "autoscaling": [
                  {
                    "location_policy": "BALANCED",
                    "max_node_count": 1000,
                    "min_node_count": 0,
                    "total_max_node_count": 0,
                    "total_min_node_count": 0
                  }
                ],
                "initial_node_count": 0,
                "instance_group_urls": [
                  "https://www.googleapis.com/compute/v1/projects/terraformproject-464104/zones/us-central1-c/instanceGroupManagers/gke-multicloud-dev-g-nap-e2-standard--f7a55c65-grp",
                  "https://www.googleapis.com/compute/v1/projects/terraformproject-464104/zones/us-central1-f/instanceGroupManagers/gke-multicloud-dev-g-nap-e2-standard--caf94339-grp",
                  "https://www.googleapis.com/compute/v1/projects/terraformproject-464104/zones/us-central1-b/instanceGroupManagers/gke-multicloud-dev-g-nap-e2-standard--2c0b004b-grp"
                ],
                "managed_instance_group_urls": [
                  "https://www.googleapis.com/compute/v1/projects/terraformproject-464104/zones/us-central1-c/instanceGroups/gke-multicloud-dev-g-nap-e2-standard--f7a55c65-grp",
                  "https://www.googleapis.com/compute/v1/projects/terraformproject-464104/zones/us-central1-f/instanceGroups/gke-multicloud-dev-g-nap-e2-standard--caf94339-grp",
                  "https://www.googleapis.com/compute/v1/projects/terraformproject-464104/zones/us-central1-b/instanceGroups/gke-multicloud-dev-g-nap-e2-standard--2c0b004b-grp"
                ],
                "management": [
                  {
                    "auto_repair": true,
                    "auto_upgrade": true
                  }
                ],
                "max_pods_per_node": 110,
                "name": "nap-e2-standard-2-oztm442l",
                "name_prefix": "",
                "network_config": [
                  {
                    "additional_node_network_configs": [],
                    "additional_pod_network_configs": [],
                    "create_pod_range": false,
                    "enable_private_nodes": true,
                    "network_performance_config": [],
                    "pod_cidr_overprovision_config": [],
                    "pod_ipv4_cidr_block": "10.0.160.0/20",
                    "pod_range": "gke-pods"
                  }
                ],
                "node_config": [
                  {
                    "advanced_machine_features": [],
                    "boot_disk_kms_key": "",
                    "confidential_nodes": [],
                    "containerd_config": [],
                    "disk_size_gb": 100,
                    "disk_type": "pd-balanced",
                    "effective_taints": [],
                    "enable_confidential_storage": false,
                    "ephemeral_storage_local_ssd_config": [],
                    "fast_socket": [],
                    "flex_start": false,
                    "gcfs_config": [],
                    "guest_accelerator": [],
                    "gvnic": [],
                    "host_maintenance_policy": [],
                    "image_type": "COS_CONTAINERD",
                    "kubelet_config": [
                      {
                        "allowed_unsafe_sysctls": [],
                        "container_log_max_files": 0,
                        "container_log_max_size": "",
                        "cpu_cfs_quota": false,
                        "cpu_cfs_quota_period": "",
                        "cpu_manager_policy": "",
                        "image_gc_high_threshold_percent": 0,
                        "image_gc_low_threshold_percent": 0,
                        "image_maximum_gc_age": "",
                        "image_minimum_gc_age": "",
                        "insecure_kubelet_readonly_port_enabled": "TRUE",
                        "pod_pids_limit": 0
                      }
                    ],
                    "labels": {},
                    "linux_node_config": [],
                    "local_nvme_ssd_block_config": [],
                    "local_ssd_count": 0,
                    "local_ssd_encryption_mode": "",
                    "logging_variant": "DEFAULT",
                    "machine_type": "e2-standard-2",
                    "max_run_duration": "",
                    "metadata": {
                      "disable-legacy-endpoints": "true"
                    },
                    "min_cpu_platform": "",
                    "node_group": "",
                    "oauth_scopes": [
                      "https://www.googleapis.com/auth/devstorage.read_only",
                      "https://www.googleapis.com/auth/logging.write",
                      "https://www.googleapis.com/auth/monitoring",
                      "https://www.googleapis.com/auth/service.management.readonly",
                      "https://www.googleapis.com/auth/servicecontrol",
                      "https://www.googleapis.com/auth/trace.append"
                    ],
                    "preemptible": false,
                    "reservation_affinity": [],
                    "resource_labels": {
                      "goog-gke-node-pool-provisioning-model": "on-demand"
                    },
                    "resource_manager_tags": {},
                    "secondary_boot_disks": [],
                    "service_account": "default",
                    "shielded_instance_config": [
                      {
                        "enable_integrity_monitoring": true,
                        "enable_secure_boot": false
                      }
                    ],
                    "sole_tenant_config": [],
                    "spot": false,
                    "storage_pools": [],
                    "tags": [],
                    "taint": [],
                    "windows_node_config": [
                      {
                        "osversion": ""
                      }
                    ],
                    "workload_metadata_config": [
                      {
                        "mode": "GKE_METADATA"
                      }
                    ]
                  }
                ],
                "node_count": 0,
                "node_locations": [
                  "us-central1-b",
                  "us-central1-c",
                  "us-central1-f"
                ],
                "placement_policy": [
                  {
                    "policy_name": "",
                    "tpu_topology": "",
                    "type": ""
                  }
                ],
                "queued_provisioning": [],
                "upgrade_settings": [
                  {
                    "blue_green_settings": [],
                    "max_surge": 1,
                    "max_unavailable": 0,
                    "strategy": "SURGE"
                  }
                ],
                "version": "1.30.12-gke.1151000"
              }
            ],
            "node_pool_auto_config": [],
            "node_pool_defaults": [
              {
                "node_config_defaults": [
                  {
                    "containerd_config": [],
                    "gcfs_config": [],
                    "insecure_kubelet_readonly_port_enabled": "FALSE",
                    "logging_variant": "DEFAULT"
                  }
                ]
              }
            ],
            "node_version": "1.30.12-gke.1151000",
            "notification_config": [
              {
                "pubsub": [
                  {
                    "enabled": false,
                    "filter": [],
                    "topic": ""
                  }
                ]
              }
            ],
            "operation": null,
            "pod_autoscaling": [
              {
                "hpa_profile": "HPA_PROFILE_UNSPECIFIED"
              }
            ],
            "private_cluster_config": [
              {
                "enable_private_endpoint": false,
                "enable_private_nodes": true,
                "master_global_access_config": [
                  {
                    "enabled": false
                  }
                ],
                "master_ipv4_cidr_block": "172.16.0.0/28",
                "peering_name": "",
                "private_endpoint": "172.16.0.2",
                "private_endpoint_subnetwork": "projects/terraformproject-464104/regions/us-central1/subnetworks/gke-multicloud-dev-gke-985e7149-pe-subnet",
                "public_endpoint": "34.63.20.128"
              }
            ],
            "private_ipv6_google_access": "",
            "project": "terraformproject-464104",
            "release_channel": [
              {
                "channel": "STABLE"
              }
            ],
            "remove_default_node_pool": true,
            "resource_labels": {
              "environment": "dev",
              "managed-by": "terraform",
              "module": "kubernetes",
              "owner": "devops-team",
              "project": "multicloud"
            },
            "resource_usage_export_config": [],
            "secret_manager_config": [
              {
                "enabled": false
              }
            ],
            "security_posture_config": [
              {
                "mode": "BASIC",
                "vulnerability_mode": "VULNERABILITY_MODE_UNSPECIFIED"
              }
            ],
            "self_link": "https://container.googleapis.com/v1/projects/terraformproject-464104/locations/us-central1/clusters/multicloud-dev-gke",
            "service_external_ips_config": [
              {
                "enabled": false
              }
            ],
            "services_ipv4_cidr": "10.0.200.0/24",
            "subnetwork": "projects/terraformproject-464104/regions/us-central1/subnetworks/multicloud-dev-vpc-private-1",
            "terraform_labels": {
              "environment": "dev",
              "goog-terraform-provisioned": "true",
              "managed-by": "terraform",
              "module": "kubernetes",
              "owner": "devops-team",
              "project": "multicloud"
            },
            "timeouts": null,
            "tpu_ipv4_cidr_block": "",
            "user_managed_keys_config": [],
            "vertical_pod_autoscaling": [],
            "workload_identity_config": [
              {
                "workload_pool": "terraformproject-464104.svc.id.goog"
              }
            ]
          },
          "sensitive_attributes": [
            [
              {
                "type": "get_attr",
                "value": "master_auth"
              },
              {
                "type": "index",
                "value": {
                  "value": 0,
                  "type": "number"
                }
              },
              {
                "type": "get_attr",
                "value": "client_key"
              }
            ]
          ],
          "identity_schema_version": 0,
          "private": "eyJlMmJmYjczMC1lY2FhLTExZTYtOGY4OC0zNDM2M2JjN2M0YzAiOnsiY3JlYXRlIjoyNDAwMDAwMDAwMDAwLCJkZWxldGUiOjI0MDAwMDAwMDAwMDAsInJlYWQiOjI0MDAwMDAwMDAwMDAsInVwZGF0ZSI6MzYwMDAwMDAwMDAwMH0sInNjaGVtYV92ZXJzaW9uIjoiMiJ9",
          "dependencies": [
            "module.kubernetes.module.gcp_gke.data.google_compute_network.vpc",
            "module.kubernetes.module.gcp_gke.data.google_compute_subnetwork.private",
            "module.network.module.aws_network.aws_vpc_endpoint.s3",
            "module.network.module.aws_network.aws_vpc_endpoint_route_table_association.s3_private",
            "module.network.module.aws_network.module.vpc.aws_cloudwatch_log_group.flow_log",
            "module.network.module.aws_network.module.vpc.aws_customer_gateway.this",
            "module.network.module.aws_network.module.vpc.aws_db_subnet_group.database",
            "module.network.module.aws_network.module.vpc.aws_default_network_acl.this",
            "module.network.module.aws_network.module.vpc.aws_default_route_table.default",
            "module.network.module.aws_network.module.vpc.aws_default_security_group.this",
            "module.network.module.aws_network.module.vpc.aws_default_vpc.this",
            "module.network.module.aws_network.module.vpc.aws_egress_only_internet_gateway.this",
            "module.network.module.aws_network.module.vpc.aws_eip.nat",
            "module.network.module.aws_network.module.vpc.aws_elasticache_subnet_group.elasticache",
            "module.network.module.aws_network.module.vpc.aws_flow_log.this",
            "module.network.module.aws_network.module.vpc.aws_iam_policy.vpc_flow_log_cloudwatch",
            "module.network.module.aws_network.module.vpc.aws_iam_role.vpc_flow_log_cloudwatch",
            "module.network.module.aws_network.module.vpc.aws_iam_role_policy_attachment.vpc_flow_log_cloudwatch",
            "module.network.module.aws_network.module.vpc.aws_internet_gateway.this",
            "module.network.module.aws_network.module.vpc.aws_nat_gateway.this",
            "module.network.module.aws_network.module.vpc.aws_network_acl.database",
            "module.network.module.aws_network.module.vpc.aws_network_acl.elasticache",
            "module.network.module.aws_network.module.vpc.aws_network_acl.intra",
            "module.network.module.aws_network.module.vpc.aws_network_acl.outpost",
            "module.network.module.aws_network.module.vpc.aws_network_acl.private",
            "module.network.module.aws_network.module.vpc.aws_network_acl.public",
            "module.network.module.aws_network.module.vpc.aws_network_acl.redshift",
            "module.network.module.aws_network.module.vpc.aws_network_acl_rule.database_inbound",
            "module.network.module.aws_network.module.vpc.aws_network_acl_rule.database_outbound",
            "module.network.module.aws_network.module.vpc.aws_network_acl_rule.elasticache_inbound",
            "module.network.module.aws_network.module.vpc.aws_network_acl_rule.elasticache_outbound",
            "module.network.module.aws_network.module.vpc.aws_network_acl_rule.intra_inbound",
            "module.network.module.aws_network.module.vpc.aws_network_acl_rule.intra_outbound",
            "module.network.module.aws_network.module.vpc.aws_network_acl_rule.outpost_inbound",
            "module.network.module.aws_network.module.vpc.aws_network_acl_rule.outpost_outbound",
            "module.network.module.aws_network.module.vpc.aws_network_acl_rule.private_inbound",
            "module.network.module.aws_network.module.vpc.aws_network_acl_rule.private_outbound",
            "module.network.module.aws_network.module.vpc.aws_network_acl_rule.public_inbound",
            "module.network.module.aws_network.module.vpc.aws_network_acl_rule.public_outbound",
            "module.network.module.aws_network.module.vpc.aws_network_acl_rule.redshift_inbound",
            "module.network.module.aws_network.module.vpc.aws_network_acl_rule.redshift_outbound",
            "module.network.module.aws_network.module.vpc.aws_redshift_subnet_group.redshift",
            "module.network.module.aws_network.module.vpc.aws_route.database_dns64_nat_gateway",
            "module.network.module.aws_network.module.vpc.aws_route.database_internet_gateway",
            "module.network.module.aws_network.module.vpc.aws_route.database_ipv6_egress",
            "module.network.module.aws_network.module.vpc.aws_route.database_nat_gateway",
            "module.network.module.aws_network.module.vpc.aws_route.private_dns64_nat_gateway",
            "module.network.module.aws_network.module.vpc.aws_route.private_ipv6_egress",
            "module.network.module.aws_network.module.vpc.aws_route.private_nat_gateway",
            "module.network.module.aws_network.module.vpc.aws_route.public_internet_gateway",
            "module.network.module.aws_network.module.vpc.aws_route.public_internet_gateway_ipv6",
            "module.network.module.aws_network.module.vpc.aws_route_table.database",
            "module.network.module.aws_network.module.vpc.aws_route_table.elasticache",
            "module.network.module.aws_network.module.vpc.aws_route_table.intra",
            "module.network.module.aws_network.module.vpc.aws_route_table.private",
            "module.network.module.aws_network.module.vpc.aws_route_table.public",
            "module.network.module.aws_network.module.vpc.aws_route_table.redshift",
            "module.network.module.aws_network.module.vpc.aws_route_table_association.database",
            "module.network.module.aws_network.module.vpc.aws_route_table_association.elasticache",
            "module.network.module.aws_network.module.vpc.aws_route_table_association.intra",
            "module.network.module.aws_network.module.vpc.aws_route_table_association.outpost",
            "module.network.module.aws_network.module.vpc.aws_route_table_association.private",
            "module.network.module.aws_network.module.vpc.aws_route_table_association.public",
            "module.network.module.aws_network.module.vpc.aws_route_table_association.redshift",
            "module.network.module.aws_network.module.vpc.aws_route_table_association.redshift_public",
            "module.network.module.aws_network.module.vpc.aws_subnet.database",
            "module.network.module.aws_network.module.vpc.aws_subnet.elasticache",
            "module.network.module.aws_network.module.vpc.aws_subnet.intra",
            "module.network.module.aws_network.module.vpc.aws_subnet.outpost",
            "module.network.module.aws_network.module.vpc.aws_subnet.private",
            "module.network.module.aws_network.module.vpc.aws_subnet.public",
            "module.network.module.aws_network.module.vpc.aws_subnet.redshift",
            "module.network.module.aws_network.module.vpc.aws_vpc.this",
            "module.network.module.aws_network.module.vpc.aws_vpc_block_public_access_exclusion.this",
            "module.network.module.aws_network.module.vpc.aws_vpc_block_public_access_options.this",
            "module.network.module.aws_network.module.vpc.aws_vpc_dhcp_options.this",
            "module.network.module.aws_network.module.vpc.aws_vpc_dhcp_options_association.this",
            "module.network.module.aws_network.module.vpc.aws_vpc_ipv4_cidr_block_association.this",
            "module.network.module.aws_network.module.vpc.aws_vpn_gateway.this",
            "module.network.module.aws_network.module.vpc.aws_vpn_gateway_attachment.this",
            "module.network.module.aws_network.module.vpc.aws_vpn_gateway_route_propagation.intra",
            "module.network.module.aws_network.module.vpc.aws_vpn_gateway_route_propagation.private",
            "module.network.module.aws_network.module.vpc.aws_vpn_gateway_route_propagation.public",
            "module.network.module.aws_network.module.vpc.data.aws_caller_identity.current",
            "module.network.module.aws_network.module.vpc.data.aws_iam_policy_document.flow_log_cloudwatch_assume_role",
            "module.network.module.aws_network.module.vpc.data.aws_iam_policy_document.vpc_flow_log_cloudwatch",
            "module.network.module.aws_network.module.vpc.data.aws_partition.current",
            "module.network.module.aws_network.module.vpc.data.aws_region.current",
            "module.network.module.gcp_network.google_compute_firewall.allow_health_checks",
            "module.network.module.gcp_network.google_compute_firewall.allow_internal",
            "module.network.module.gcp_network.google_compute_network.vpc",
            "module.network.module.gcp_network.google_compute_router.router",
            "module.network.module.gcp_network.google_compute_router_nat.nat",
            "module.network.module.gcp_network.google_compute_subnetwork.private",
            "module.network.module.gcp_network.google_compute_subnetwork.public"
          ],
          "create_before_destroy": true
        }
      ]
    },
    {
      "module": "module.kubernetes.module.gcp_gke[0]",
      "mode": "managed",
      "type": "google_container_node_pool",
      "name": "primary_nodes",
      "provider": "provider[\"registry.terraform.io/hashicorp/google\"]",
      "instances": [
        {
          "index_key": "general",
          "schema_version": 1,
          "attributes": {
            "autoscaling": [
              {
                "location_policy": "BALANCED",
                "max_node_count": 3,
                "min_node_count": 1,
                "total_max_node_count": 0,
                "total_min_node_count": 0
              }
            ],
            "cluster": "multicloud-dev-gke",
            "id": "projects/terraformproject-464104/locations/us-central1/clusters/multicloud-dev-gke/nodePools/general",
            "initial_node_count": 2,
            "instance_group_urls": [
              "https://www.googleapis.com/compute/v1/projects/terraformproject-464104/zones/us-central1-c/instanceGroupManagers/gke-multicloud-dev-gke-general-8a7a1781-grp",
              "https://www.googleapis.com/compute/v1/projects/terraformproject-464104/zones/us-central1-f/instanceGroupManagers/gke-multicloud-dev-gke-general-8bd50062-grp",
              "https://www.googleapis.com/compute/v1/projects/terraformproject-464104/zones/us-central1-b/instanceGroupManagers/gke-multicloud-dev-gke-general-ff5a2508-grp"
            ],
            "location": "us-central1",
            "managed_instance_group_urls": [
              "https://www.googleapis.com/compute/v1/projects/terraformproject-464104/zones/us-central1-c/instanceGroups/gke-multicloud-dev-gke-general-8a7a1781-grp",
              "https://www.googleapis.com/compute/v1/projects/terraformproject-464104/zones/us-central1-f/instanceGroups/gke-multicloud-dev-gke-general-8bd50062-grp",
              "https://www.googleapis.com/compute/v1/projects/terraformproject-464104/zones/us-central1-b/instanceGroups/gke-multicloud-dev-gke-general-ff5a2508-grp"
            ],
            "management": [
              {
                "auto_repair": true,
                "auto_upgrade": true
              }
            ],
            "max_pods_per_node": 110,
            "name": "general",
            "name_prefix": "",
            "network_config": [
              {
                "additional_node_network_configs": [],
                "additional_pod_network_configs": [],
                "create_pod_range": false,
                "enable_private_nodes": true,
                "network_performance_config": [],
                "pod_cidr_overprovision_config": [],
                "pod_ipv4_cidr_block": "10.0.160.0/20",
                "pod_range": "gke-pods"
              }
            ],
            "node_config": [
              {
                "advanced_machine_features": [],
                "boot_disk_kms_key": "",
                "confidential_nodes": [],
                "containerd_config": [],
                "disk_size_gb": 50,
                "disk_type": "pd-standard",
                "effective_taints": [],
                "enable_confidential_storage": false,
                "ephemeral_storage_local_ssd_config": [],
                "fast_socket": [],
                "flex_start": false,
                "gcfs_config": [],
                "guest_accelerator": [],
                "gvnic": [],
                "host_maintenance_policy": [],
                "image_type": "COS_CONTAINERD",
                "kubelet_config": [
                  {
                    "allowed_unsafe_sysctls": [],
                    "container_log_max_files": 0,
                    "container_log_max_size": "",
                    "cpu_cfs_quota": false,
                    "cpu_cfs_quota_period": "",
                    "cpu_manager_policy": "",
                    "image_gc_high_threshold_percent": 0,
                    "image_gc_low_threshold_percent": 0,
                    "image_maximum_gc_age": "",
                    "image_minimum_gc_age": "",
                    "insecure_kubelet_readonly_port_enabled": "TRUE",
                    "pod_pids_limit": 0
                  }
                ],
                "labels": {
                  "environment": "dev",
                  "managed-by": "terraform",
                  "module": "kubernetes",
                  "owner": "devops-team",
                  "project": "multicloud",
                  "role": "general"
                },
                "linux_node_config": [],
                "local_nvme_ssd_block_config": [],
                "local_ssd_count": 0,
                "local_ssd_encryption_mode": "",
                "logging_variant": "DEFAULT",
                "machine_type": "e2-standard-2",
                "max_run_duration": "",
                "metadata": {
                  "disable-legacy-endpoints": "true"
                },
                "min_cpu_platform": "",
                "node_group": "",
                "oauth_scopes": [
                  "https://www.googleapis.com/auth/cloud-platform"
                ],
                "preemptible": false,
                "reservation_affinity": [],
                "resource_labels": {
                  "goog-gke-node-pool-provisioning-model": "on-demand"
                },
                "resource_manager_tags": null,
                "secondary_boot_disks": [],
                "service_account": "multicloud-dev-gke-node-sa@terraformproject-464104.iam.gserviceaccount.com",
                "shielded_instance_config": [
                  {
                    "enable_integrity_monitoring": true,
                    "enable_secure_boot": true
                  }
                ],
                "sole_tenant_config": [],
                "spot": false,
                "storage_pools": null,
                "tags": null,
                "taint": [],
                "windows_node_config": [
                  {
                    "osversion": ""
                  }
                ],
                "workload_metadata_config": [
                  {
                    "mode": "GKE_METADATA"
                  }
                ]
              }
            ],
            "node_count": 2,
            "node_locations": [
              "us-central1-b",
              "us-central1-c",
              "us-central1-f"
            ],
            "operation": null,
            "placement_policy": [],
            "project": "terraformproject-464104",
            "queued_provisioning": [],
            "timeouts": null,
            "upgrade_settings": [
              {
                "blue_green_settings": [],
                "max_surge": 1,
                "max_unavailable": 0,
                "strategy": "SURGE"
              }
            ],
            "version": "1.30.12-gke.1151000"
          },
          "sensitive_attributes": [],
          "identity_schema_version": 0,
          "private": "eyJlMmJmYjczMC1lY2FhLTExZTYtOGY4OC0zNDM2M2JjN2M0YzAiOnsiY3JlYXRlIjoxODAwMDAwMDAwMDAwLCJkZWxldGUiOjE4MDAwMDAwMDAwMDAsInVwZGF0ZSI6MTgwMDAwMDAwMDAwMH0sInNjaGVtYV92ZXJzaW9uIjoiMSJ9",
          "dependencies": [
            "module.kubernetes.module.gcp_gke.data.google_compute_network.vpc",
            "module.kubernetes.module.gcp_gke.data.google_compute_subnetwork.private",
            "module.kubernetes.module.gcp_gke.google_container_cluster.primary",
            "module.kubernetes.module.gcp_gke.google_service_account.node_sa",
            "module.network.module.aws_network.aws_vpc_endpoint.s3",
            "module.network.module.aws_network.aws_vpc_endpoint_route_table_association.s3_private",
            "module.network.module.aws_network.module.vpc.aws_cloudwatch_log_group.flow_log",
            "module.network.module.aws_network.module.vpc.aws_customer_gateway.this",
            "module.network.module.aws_network.module.vpc.aws_db_subnet_group.database",
            "module.network.module.aws_network.module.vpc.aws_default_network_acl.this",
            "module.network.module.aws_network.module.vpc.aws_default_route_table.default",
            "module.network.module.aws_network.module.vpc.aws_default_security_group.this",
            "module.network.module.aws_network.module.vpc.aws_default_vpc.this",
            "module.network.module.aws_network.module.vpc.aws_egress_only_internet_gateway.this",
            "module.network.module.aws_network.module.vpc.aws_eip.nat",
            "module.network.module.aws_network.module.vpc.aws_elasticache_subnet_group.elasticache",
            "module.network.module.aws_network.module.vpc.aws_flow_log.this",
            "module.network.module.aws_network.module.vpc.aws_iam_policy.vpc_flow_log_cloudwatch",
            "module.network.module.aws_network.module.vpc.aws_iam_role.vpc_flow_log_cloudwatch",
            "module.network.module.aws_network.module.vpc.aws_iam_role_policy_attachment.vpc_flow_log_cloudwatch",
            "module.network.module.aws_network.module.vpc.aws_internet_gateway.this",
            "module.network.module.aws_network.module.vpc.aws_nat_gateway.this",
            "module.network.module.aws_network.module.vpc.aws_network_acl.database",
            "module.network.module.aws_network.module.vpc.aws_network_acl.elasticache",
            "module.network.module.aws_network.module.vpc.aws_network_acl.intra",
            "module.network.module.aws_network.module.vpc.aws_network_acl.outpost",
            "module.network.module.aws_network.module.vpc.aws_network_acl.private",
            "module.network.module.aws_network.module.vpc.aws_network_acl.public",
            "module.network.module.aws_network.module.vpc.aws_network_acl.redshift",
            "module.network.module.aws_network.module.vpc.aws_network_acl_rule.database_inbound",
            "module.network.module.aws_network.module.vpc.aws_network_acl_rule.database_outbound",
            "module.network.module.aws_network.module.vpc.aws_network_acl_rule.elasticache_inbound",
            "module.network.module.aws_network.module.vpc.aws_network_acl_rule.elasticache_outbound",
            "module.network.module.aws_network.module.vpc.aws_network_acl_rule.intra_inbound",
            "module.network.module.aws_network.module.vpc.aws_network_acl_rule.intra_outbound",
            "module.network.module.aws_network.module.vpc.aws_network_acl_rule.outpost_inbound",
            "module.network.module.aws_network.module.vpc.aws_network_acl_rule.outpost_outbound",
            "module.network.module.aws_network.module.vpc.aws_network_acl_rule.private_inbound",
            "module.network.module.aws_network.module.vpc.aws_network_acl_rule.private_outbound",
            "module.network.module.aws_network.module.vpc.aws_network_acl_rule.public_inbound",
            "module.network.module.aws_network.module.vpc.aws_network_acl_rule.public_outbound",
            "module.network.module.aws_network.module.vpc.aws_network_acl_rule.redshift_inbound",
            "module.network.module.aws_network.module.vpc.aws_network_acl_rule.redshift_outbound",
            "module.network.module.aws_network.module.vpc.aws_redshift_subnet_group.redshift",
            "module.network.module.aws_network.module.vpc.aws_route.database_dns64_nat_gateway",
            "module.network.module.aws_network.module.vpc.aws_route.database_internet_gateway",
            "module.network.module.aws_network.module.vpc.aws_route.database_ipv6_egress",
            "module.network.module.aws_network.module.vpc.aws_route.database_nat_gateway",
            "module.network.module.aws_network.module.vpc.aws_route.private_dns64_nat_gateway",
            "module.network.module.aws_network.module.vpc.aws_route.private_ipv6_egress",
            "module.network.module.aws_network.module.vpc.aws_route.private_nat_gateway",
            "module.network.module.aws_network.module.vpc.aws_route.public_internet_gateway",
            "module.network.module.aws_network.module.vpc.aws_route.public_internet_gateway_ipv6",
            "module.network.module.aws_network.module.vpc.aws_route_table.database",
            "module.network.module.aws_network.module.vpc.aws_route_table.elasticache",
            "module.network.module.aws_network.module.vpc.aws_route_table.intra",
            "module.network.module.aws_network.module.vpc.aws_route_table.private",
            "module.network.module.aws_network.module.vpc.aws_route_table.public",
            "module.network.module.aws_network.module.vpc.aws_route_table.redshift",
            "module.network.module.aws_network.module.vpc.aws_route_table_association.database",
            "module.network.module.aws_network.module.vpc.aws_route_table_association.elasticache",
            "module.network.module.aws_network.module.vpc.aws_route_table_association.intra",
            "module.network.module.aws_network.module.vpc.aws_route_table_association.outpost",
            "module.network.module.aws_network.module.vpc.aws_route_table_association.private",
            "module.network.module.aws_network.module.vpc.aws_route_table_association.public",
            "module.network.module.aws_network.module.vpc.aws_route_table_association.redshift",
            "module.network.module.aws_network.module.vpc.aws_route_table_association.redshift_public",
            "module.network.module.aws_network.module.vpc.aws_subnet.database",
            "module.network.module.aws_network.module.vpc.aws_subnet.elasticache",
            "module.network.module.aws_network.module.vpc.aws_subnet.intra",
            "module.network.module.aws_network.module.vpc.aws_subnet.outpost",
            "module.network.module.aws_network.module.vpc.aws_subnet.private",
            "module.network.module.aws_network.module.vpc.aws_subnet.public",
            "module.network.module.aws_network.module.vpc.aws_subnet.redshift",
            "module.network.module.aws_network.module.vpc.aws_vpc.this",
            "module.network.module.aws_network.module.vpc.aws_vpc_block_public_access_exclusion.this",
            "module.network.module.aws_network.module.vpc.aws_vpc_block_public_access_options.this",
            "module.network.module.aws_network.module.vpc.aws_vpc_dhcp_options.this",
            "module.network.module.aws_network.module.vpc.aws_vpc_dhcp_options_association.this",
            "module.network.module.aws_network.module.vpc.aws_vpc_ipv4_cidr_block_association.this",
            "module.network.module.aws_network.module.vpc.aws_vpn_gateway.this",
            "module.network.module.aws_network.module.vpc.aws_vpn_gateway_attachment.this",
            "module.network.module.aws_network.module.vpc.aws_vpn_gateway_route_propagation.intra",
            "module.network.module.aws_network.module.vpc.aws_vpn_gateway_route_propagation.private",
            "module.network.module.aws_network.module.vpc.aws_vpn_gateway_route_propagation.public",
            "module.network.module.aws_network.module.vpc.data.aws_caller_identity.current",
            "module.network.module.aws_network.module.vpc.data.aws_iam_policy_document.flow_log_cloudwatch_assume_role",
            "module.network.module.aws_network.module.vpc.data.aws_iam_policy_document.vpc_flow_log_cloudwatch",
            "module.network.module.aws_network.module.vpc.data.aws_partition.current",
            "module.network.module.aws_network.module.vpc.data.aws_region.current",
            "module.network.module.gcp_network.google_compute_firewall.allow_health_checks",
            "module.network.module.gcp_network.google_compute_firewall.allow_internal",
            "module.network.module.gcp_network.google_compute_network.vpc",
            "module.network.module.gcp_network.google_compute_router.router",
            "module.network.module.gcp_network.google_compute_router_nat.nat",
            "module.network.module.gcp_network.google_compute_subnetwork.private",
            "module.network.module.gcp_network.google_compute_subnetwork.public"
          ],
          "create_before_destroy": true
        }
      ]
    },
    {
      "module": "module.kubernetes.module.gcp_gke[0]",
      "mode": "managed",
      "type": "google_project_iam_member",
      "name": "node_sa_roles",
      "provider": "provider[\"registry.terraform.io/hashicorp/google\"]",
      "instances": [
        {
          "index_key": "roles/logging.logWriter",
          "schema_version": 0,
          "attributes": {
            "condition": [],
            "etag": "BwY4fGlHLi4=",
            "id": "terraformproject-464104/roles/logging.logWriter/serviceAccount:multicloud-dev-gke-node-sa@terraformproject-464104.iam.gserviceaccount.com",
            "member": "serviceAccount:multicloud-dev-gke-node-sa@terraformproject-464104.iam.gserviceaccount.com",
            "project": "terraformproject-464104",
            "role": "roles/logging.logWriter"
          },
          "sensitive_attributes": [],
          "identity_schema_version": 0,
          "private": "bnVsbA==",
          "dependencies": [
            "module.kubernetes.module.gcp_gke.google_service_account.node_sa",
            "module.network.module.aws_network.aws_vpc_endpoint.s3",
            "module.network.module.aws_network.aws_vpc_endpoint_route_table_association.s3_private",
            "module.network.module.aws_network.module.vpc.aws_cloudwatch_log_group.flow_log",
            "module.network.module.aws_network.module.vpc.aws_customer_gateway.this",
            "module.network.module.aws_network.module.vpc.aws_db_subnet_group.database",
            "module.network.module.aws_network.module.vpc.aws_default_network_acl.this",
            "module.network.module.aws_network.module.vpc.aws_default_route_table.default",
            "module.network.module.aws_network.module.vpc.aws_default_security_group.this",
            "module.network.module.aws_network.module.vpc.aws_default_vpc.this",
            "module.network.module.aws_network.module.vpc.aws_egress_only_internet_gateway.this",
            "module.network.module.aws_network.module.vpc.aws_eip.nat",
            "module.network.module.aws_network.module.vpc.aws_elasticache_subnet_group.elasticache",
            "module.network.module.aws_network.module.vpc.aws_flow_log.this",
            "module.network.module.aws_network.module.vpc.aws_iam_policy.vpc_flow_log_cloudwatch",
            "module.network.module.aws_network.module.vpc.aws_iam_role.vpc_flow_log_cloudwatch",
            "module.network.module.aws_network.module.vpc.aws_iam_role_policy_attachment.vpc_flow_log_cloudwatch",
            "module.network.module.aws_network.module.vpc.aws_internet_gateway.this",
            "module.network.module.aws_network.module.vpc.aws_nat_gateway.this",
            "module.network.module.aws_network.module.vpc.aws_network_acl.database",
            "module.network.module.aws_network.module.vpc.aws_network_acl.elasticache",
            "module.network.module.aws_network.module.vpc.aws_network_acl.intra",
            "module.network.module.aws_network.module.vpc.aws_network_acl.outpost",
            "module.network.module.aws_network.module.vpc.aws_network_acl.private",
            "module.network.module.aws_network.module.vpc.aws_network_acl.public",
            "module.network.module.aws_network.module.vpc.aws_network_acl.redshift",
            "module.network.module.aws_network.module.vpc.aws_network_acl_rule.database_inbound",
            "module.network.module.aws_network.module.vpc.aws_network_acl_rule.database_outbound",
            "module.network.module.aws_network.module.vpc.aws_network_acl_rule.elasticache_inbound",
            "module.network.module.aws_network.module.vpc.aws_network_acl_rule.elasticache_outbound",
            "module.network.module.aws_network.module.vpc.aws_network_acl_rule.intra_inbound",
            "module.network.module.aws_network.module.vpc.aws_network_acl_rule.intra_outbound",
            "module.network.module.aws_network.module.vpc.aws_network_acl_rule.outpost_inbound",
            "module.network.module.aws_network.module.vpc.aws_network_acl_rule.outpost_outbound",
            "module.network.module.aws_network.module.vpc.aws_network_acl_rule.private_inbound",
            "module.network.module.aws_network.module.vpc.aws_network_acl_rule.private_outbound",
            "module.network.module.aws_network.module.vpc.aws_network_acl_rule.public_inbound",
            "module.network.module.aws_network.module.vpc.aws_network_acl_rule.public_outbound",
            "module.network.module.aws_network.module.vpc.aws_network_acl_rule.redshift_inbound",
            "module.network.module.aws_network.module.vpc.aws_network_acl_rule.redshift_outbound",
            "module.network.module.aws_network.module.vpc.aws_redshift_subnet_group.redshift",
            "module.network.module.aws_network.module.vpc.aws_route.database_dns64_nat_gateway",
            "module.network.module.aws_network.module.vpc.aws_route.database_internet_gateway",
            "module.network.module.aws_network.module.vpc.aws_route.database_ipv6_egress",
            "module.network.module.aws_network.module.vpc.aws_route.database_nat_gateway",
            "module.network.module.aws_network.module.vpc.aws_route.private_dns64_nat_gateway",
            "module.network.module.aws_network.module.vpc.aws_route.private_ipv6_egress",
            "module.network.module.aws_network.module.vpc.aws_route.private_nat_gateway",
            "module.network.module.aws_network.module.vpc.aws_route.public_internet_gateway",
            "module.network.module.aws_network.module.vpc.aws_route.public_internet_gateway_ipv6",
            "module.network.module.aws_network.module.vpc.aws_route_table.database",
            "module.network.module.aws_network.module.vpc.aws_route_table.elasticache",
            "module.network.module.aws_network.module.vpc.aws_route_table.intra",
            "module.network.module.aws_network.module.vpc.aws_route_table.private",
            "module.network.module.aws_network.module.vpc.aws_route_table.public",
            "module.network.module.aws_network.module.vpc.aws_route_table.redshift",
            "module.network.module.aws_network.module.vpc.aws_route_table_association.database",
            "module.network.module.aws_network.module.vpc.aws_route_table_association.elasticache",
            "module.network.module.aws_network.module.vpc.aws_route_table_association.intra",
            "module.network.module.aws_network.module.vpc.aws_route_table_association.outpost",
            "module.network.module.aws_network.module.vpc.aws_route_table_association.private",
            "module.network.module.aws_network.module.vpc.aws_route_table_association.public",
            "module.network.module.aws_network.module.vpc.aws_route_table_association.redshift",
            "module.network.module.aws_network.module.vpc.aws_route_table_association.redshift_public",
            "module.network.module.aws_network.module.vpc.aws_subnet.database",
            "module.network.module.aws_network.module.vpc.aws_subnet.elasticache",
            "module.network.module.aws_network.module.vpc.aws_subnet.intra",
            "module.network.module.aws_network.module.vpc.aws_subnet.outpost",
            "module.network.module.aws_network.module.vpc.aws_subnet.private",
            "module.network.module.aws_network.module.vpc.aws_subnet.public",
            "module.network.module.aws_network.module.vpc.aws_subnet.redshift",
            "module.network.module.aws_network.module.vpc.aws_vpc.this",
            "module.network.module.aws_network.module.vpc.aws_vpc_block_public_access_exclusion.this",
            "module.network.module.aws_network.module.vpc.aws_vpc_block_public_access_options.this",
            "module.network.module.aws_network.module.vpc.aws_vpc_dhcp_options.this",
            "module.network.module.aws_network.module.vpc.aws_vpc_dhcp_options_association.this",
            "module.network.module.aws_network.module.vpc.aws_vpc_ipv4_cidr_block_association.this",
            "module.network.module.aws_network.module.vpc.aws_vpn_gateway.this",
            "module.network.module.aws_network.module.vpc.aws_vpn_gateway_attachment.this",
            "module.network.module.aws_network.module.vpc.aws_vpn_gateway_route_propagation.intra",
            "module.network.module.aws_network.module.vpc.aws_vpn_gateway_route_propagation.private",
            "module.network.module.aws_network.module.vpc.aws_vpn_gateway_route_propagation.public",
            "module.network.module.aws_network.module.vpc.data.aws_caller_identity.current",
            "module.network.module.aws_network.module.vpc.data.aws_iam_policy_document.flow_log_cloudwatch_assume_role",
            "module.network.module.aws_network.module.vpc.data.aws_iam_policy_document.vpc_flow_log_cloudwatch",
            "module.network.module.aws_network.module.vpc.data.aws_partition.current",
            "module.network.module.aws_network.module.vpc.data.aws_region.current",
            "module.network.module.gcp_network.google_compute_firewall.allow_health_checks",
            "module.network.module.gcp_network.google_compute_firewall.allow_internal",
            "module.network.module.gcp_network.google_compute_network.vpc",
            "module.network.module.gcp_network.google_compute_router.router",
            "module.network.module.gcp_network.google_compute_router_nat.nat",
            "module.network.module.gcp_network.google_compute_subnetwork.private",
            "module.network.module.gcp_network.google_compute_subnetwork.public"
          ],
          "create_before_destroy": true
        },
        {
          "index_key": "roles/monitoring.metricWriter",
          "schema_version": 0,
          "attributes": {
            "condition": [],
            "etag": "BwY4fGlHLi4=",
            "id": "terraformproject-464104/roles/monitoring.metricWriter/serviceAccount:multicloud-dev-gke-node-sa@terraformproject-464104.iam.gserviceaccount.com",
            "member": "serviceAccount:multicloud-dev-gke-node-sa@terraformproject-464104.iam.gserviceaccount.com",
            "project": "terraformproject-464104",
            "role": "roles/monitoring.metricWriter"
          },
          "sensitive_attributes": [],
          "identity_schema_version": 0,
          "private": "bnVsbA==",
          "dependencies": [
            "module.kubernetes.module.gcp_gke.google_service_account.node_sa",
            "module.network.module.aws_network.aws_vpc_endpoint.s3",
            "module.network.module.aws_network.aws_vpc_endpoint_route_table_association.s3_private",
            "module.network.module.aws_network.module.vpc.aws_cloudwatch_log_group.flow_log",
            "module.network.module.aws_network.module.vpc.aws_customer_gateway.this",
            "module.network.module.aws_network.module.vpc.aws_db_subnet_group.database",
            "module.network.module.aws_network.module.vpc.aws_default_network_acl.this",
            "module.network.module.aws_network.module.vpc.aws_default_route_table.default",
            "module.network.module.aws_network.module.vpc.aws_default_security_group.this",
            "module.network.module.aws_network.module.vpc.aws_default_vpc.this",
            "module.network.module.aws_network.module.vpc.aws_egress_only_internet_gateway.this",
            "module.network.module.aws_network.module.vpc.aws_eip.nat",
            "module.network.module.aws_network.module.vpc.aws_elasticache_subnet_group.elasticache",
            "module.network.module.aws_network.module.vpc.aws_flow_log.this",
            "module.network.module.aws_network.module.vpc.aws_iam_policy.vpc_flow_log_cloudwatch",
            "module.network.module.aws_network.module.vpc.aws_iam_role.vpc_flow_log_cloudwatch",
            "module.network.module.aws_network.module.vpc.aws_iam_role_policy_attachment.vpc_flow_log_cloudwatch",
            "module.network.module.aws_network.module.vpc.aws_internet_gateway.this",
            "module.network.module.aws_network.module.vpc.aws_nat_gateway.this",
            "module.network.module.aws_network.module.vpc.aws_network_acl.database",
            "module.network.module.aws_network.module.vpc.aws_network_acl.elasticache",
            "module.network.module.aws_network.module.vpc.aws_network_acl.intra",
            "module.network.module.aws_network.module.vpc.aws_network_acl.outpost",
            "module.network.module.aws_network.module.vpc.aws_network_acl.private",
            "module.network.module.aws_network.module.vpc.aws_network_acl.public",
            "module.network.module.aws_network.module.vpc.aws_network_acl.redshift",
            "module.network.module.aws_network.module.vpc.aws_network_acl_rule.database_inbound",
            "module.network.module.aws_network.module.vpc.aws_network_acl_rule.database_outbound",
            "module.network.module.aws_network.module.vpc.aws_network_acl_rule.elasticache_inbound",
            "module.network.module.aws_network.module.vpc.aws_network_acl_rule.elasticache_outbound",
            "module.network.module.aws_network.module.vpc.aws_network_acl_rule.intra_inbound",
            "module.network.module.aws_network.module.vpc.aws_network_acl_rule.intra_outbound",
            "module.network.module.aws_network.module.vpc.aws_network_acl_rule.outpost_inbound",
            "module.network.module.aws_network.module.vpc.aws_network_acl_rule.outpost_outbound",
            "module.network.module.aws_network.module.vpc.aws_network_acl_rule.private_inbound",
            "module.network.module.aws_network.module.vpc.aws_network_acl_rule.private_outbound",
            "module.network.module.aws_network.module.vpc.aws_network_acl_rule.public_inbound",
            "module.network.module.aws_network.module.vpc.aws_network_acl_rule.public_outbound",
            "module.network.module.aws_network.module.vpc.aws_network_acl_rule.redshift_inbound",
            "module.network.module.aws_network.module.vpc.aws_network_acl_rule.redshift_outbound",
            "module.network.module.aws_network.module.vpc.aws_redshift_subnet_group.redshift",
            "module.network.module.aws_network.module.vpc.aws_route.database_dns64_nat_gateway",
            "module.network.module.aws_network.module.vpc.aws_route.database_internet_gateway",
            "module.network.module.aws_network.module.vpc.aws_route.database_ipv6_egress",
            "module.network.module.aws_network.module.vpc.aws_route.database_nat_gateway",
            "module.network.module.aws_network.module.vpc.aws_route.private_dns64_nat_gateway",
            "module.network.module.aws_network.module.vpc.aws_route.private_ipv6_egress",
            "module.network.module.aws_network.module.vpc.aws_route.private_nat_gateway",
            "module.network.module.aws_network.module.vpc.aws_route.public_internet_gateway",
            "module.network.module.aws_network.module.vpc.aws_route.public_internet_gateway_ipv6",
            "module.network.module.aws_network.module.vpc.aws_route_table.database",
            "module.network.module.aws_network.module.vpc.aws_route_table.elasticache",
            "module.network.module.aws_network.module.vpc.aws_route_table.intra",
            "module.network.module.aws_network.module.vpc.aws_route_table.private",
            "module.network.module.aws_network.module.vpc.aws_route_table.public",
            "module.network.module.aws_network.module.vpc.aws_route_table.redshift",
            "module.network.module.aws_network.module.vpc.aws_route_table_association.database",
            "module.network.module.aws_network.module.vpc.aws_route_table_association.elasticache",
            "module.network.module.aws_network.module.vpc.aws_route_table_association.intra",
            "module.network.module.aws_network.module.vpc.aws_route_table_association.outpost",
            "module.network.module.aws_network.module.vpc.aws_route_table_association.private",
            "module.network.module.aws_network.module.vpc.aws_route_table_association.public",
            "module.network.module.aws_network.module.vpc.aws_route_table_association.redshift",
            "module.network.module.aws_network.module.vpc.aws_route_table_association.redshift_public",
            "module.network.module.aws_network.module.vpc.aws_subnet.database",
            "module.network.module.aws_network.module.vpc.aws_subnet.elasticache",
            "module.network.module.aws_network.module.vpc.aws_subnet.intra",
            "module.network.module.aws_network.module.vpc.aws_subnet.outpost",
            "module.network.module.aws_network.module.vpc.aws_subnet.private",
            "module.network.module.aws_network.module.vpc.aws_subnet.public",
            "module.network.module.aws_network.module.vpc.aws_subnet.redshift",
            "module.network.module.aws_network.module.vpc.aws_vpc.this",
            "module.network.module.aws_network.module.vpc.aws_vpc_block_public_access_exclusion.this",
            "module.network.module.aws_network.module.vpc.aws_vpc_block_public_access_options.this",
            "module.network.module.aws_network.module.vpc.aws_vpc_dhcp_options.this",
            "module.network.module.aws_network.module.vpc.aws_vpc_dhcp_options_association.this",
            "module.network.module.aws_network.module.vpc.aws_vpc_ipv4_cidr_block_association.this",
            "module.network.module.aws_network.module.vpc.aws_vpn_gateway.this",
            "module.network.module.aws_network.module.vpc.aws_vpn_gateway_attachment.this",
            "module.network.module.aws_network.module.vpc.aws_vpn_gateway_route_propagation.intra",
            "module.network.module.aws_network.module.vpc.aws_vpn_gateway_route_propagation.private",
            "module.network.module.aws_network.module.vpc.aws_vpn_gateway_route_propagation.public",
            "module.network.module.aws_network.module.vpc.data.aws_caller_identity.current",
            "module.network.module.aws_network.module.vpc.data.aws_iam_policy_document.flow_log_cloudwatch_assume_role",
            "module.network.module.aws_network.module.vpc.data.aws_iam_policy_document.vpc_flow_log_cloudwatch",
            "module.network.module.aws_network.module.vpc.data.aws_partition.current",
            "module.network.module.aws_network.module.vpc.data.aws_region.current",
            "module.network.module.gcp_network.google_compute_firewall.allow_health_checks",
            "module.network.module.gcp_network.google_compute_firewall.allow_internal",
            "module.network.module.gcp_network.google_compute_network.vpc",
            "module.network.module.gcp_network.google_compute_router.router",
            "module.network.module.gcp_network.google_compute_router_nat.nat",
            "module.network.module.gcp_network.google_compute_subnetwork.private",
            "module.network.module.gcp_network.google_compute_subnetwork.public"
          ],
          "create_before_destroy": true
        },
        {
          "index_key": "roles/monitoring.viewer",
          "schema_version": 0,
          "attributes": {
            "condition": [],
            "etag": "BwY4fGlHLi4=",
            "id": "terraformproject-464104/roles/monitoring.viewer/serviceAccount:multicloud-dev-gke-node-sa@terraformproject-464104.iam.gserviceaccount.com",
            "member": "serviceAccount:multicloud-dev-gke-node-sa@terraformproject-464104.iam.gserviceaccount.com",
            "project": "terraformproject-464104",
            "role": "roles/monitoring.viewer"
          },
          "sensitive_attributes": [],
          "identity_schema_version": 0,
          "private": "bnVsbA==",
          "dependencies": [
            "module.kubernetes.module.gcp_gke.google_service_account.node_sa",
            "module.network.module.aws_network.aws_vpc_endpoint.s3",
            "module.network.module.aws_network.aws_vpc_endpoint_route_table_association.s3_private",
            "module.network.module.aws_network.module.vpc.aws_cloudwatch_log_group.flow_log",
            "module.network.module.aws_network.module.vpc.aws_customer_gateway.this",
            "module.network.module.aws_network.module.vpc.aws_db_subnet_group.database",
            "module.network.module.aws_network.module.vpc.aws_default_network_acl.this",
            "module.network.module.aws_network.module.vpc.aws_default_route_table.default",
            "module.network.module.aws_network.module.vpc.aws_default_security_group.this",
            "module.network.module.aws_network.module.vpc.aws_default_vpc.this",
            "module.network.module.aws_network.module.vpc.aws_egress_only_internet_gateway.this",
            "module.network.module.aws_network.module.vpc.aws_eip.nat",
            "module.network.module.aws_network.module.vpc.aws_elasticache_subnet_group.elasticache",
            "module.network.module.aws_network.module.vpc.aws_flow_log.this",
            "module.network.module.aws_network.module.vpc.aws_iam_policy.vpc_flow_log_cloudwatch",
            "module.network.module.aws_network.module.vpc.aws_iam_role.vpc_flow_log_cloudwatch",
            "module.network.module.aws_network.module.vpc.aws_iam_role_policy_attachment.vpc_flow_log_cloudwatch",
            "module.network.module.aws_network.module.vpc.aws_internet_gateway.this",
            "module.network.module.aws_network.module.vpc.aws_nat_gateway.this",
            "module.network.module.aws_network.module.vpc.aws_network_acl.database",
            "module.network.module.aws_network.module.vpc.aws_network_acl.elasticache",
            "module.network.module.aws_network.module.vpc.aws_network_acl.intra",
            "module.network.module.aws_network.module.vpc.aws_network_acl.outpost",
            "module.network.module.aws_network.module.vpc.aws_network_acl.private",
            "module.network.module.aws_network.module.vpc.aws_network_acl.public",
            "module.network.module.aws_network.module.vpc.aws_network_acl.redshift",
            "module.network.module.aws_network.module.vpc.aws_network_acl_rule.database_inbound",
            "module.network.module.aws_network.module.vpc.aws_network_acl_rule.database_outbound",
            "module.network.module.aws_network.module.vpc.aws_network_acl_rule.elasticache_inbound",
            "module.network.module.aws_network.module.vpc.aws_network_acl_rule.elasticache_outbound",
            "module.network.module.aws_network.module.vpc.aws_network_acl_rule.intra_inbound",
            "module.network.module.aws_network.module.vpc.aws_network_acl_rule.intra_outbound",
            "module.network.module.aws_network.module.vpc.aws_network_acl_rule.outpost_inbound",
            "module.network.module.aws_network.module.vpc.aws_network_acl_rule.outpost_outbound",
            "module.network.module.aws_network.module.vpc.aws_network_acl_rule.private_inbound",
            "module.network.module.aws_network.module.vpc.aws_network_acl_rule.private_outbound",
            "module.network.module.aws_network.module.vpc.aws_network_acl_rule.public_inbound",
            "module.network.module.aws_network.module.vpc.aws_network_acl_rule.public_outbound",
            "module.network.module.aws_network.module.vpc.aws_network_acl_rule.redshift_inbound",
            "module.network.module.aws_network.module.vpc.aws_network_acl_rule.redshift_outbound",
            "module.network.module.aws_network.module.vpc.aws_redshift_subnet_group.redshift",
            "module.network.module.aws_network.module.vpc.aws_route.database_dns64_nat_gateway",
            "module.network.module.aws_network.module.vpc.aws_route.database_internet_gateway",
            "module.network.module.aws_network.module.vpc.aws_route.database_ipv6_egress",
            "module.network.module.aws_network.module.vpc.aws_route.database_nat_gateway",
            "module.network.module.aws_network.module.vpc.aws_route.private_dns64_nat_gateway",
            "module.network.module.aws_network.module.vpc.aws_route.private_ipv6_egress",
            "module.network.module.aws_network.module.vpc.aws_route.private_nat_gateway",
            "module.network.module.aws_network.module.vpc.aws_route.public_internet_gateway",
            "module.network.module.aws_network.module.vpc.aws_route.public_internet_gateway_ipv6",
            "module.network.module.aws_network.module.vpc.aws_route_table.database",
            "module.network.module.aws_network.module.vpc.aws_route_table.elasticache",
            "module.network.module.aws_network.module.vpc.aws_route_table.intra",
            "module.network.module.aws_network.module.vpc.aws_route_table.private",
            "module.network.module.aws_network.module.vpc.aws_route_table.public",
            "module.network.module.aws_network.module.vpc.aws_route_table.redshift",
            "module.network.module.aws_network.module.vpc.aws_route_table_association.database",
            "module.network.module.aws_network.module.vpc.aws_route_table_association.elasticache",
            "module.network.module.aws_network.module.vpc.aws_route_table_association.intra",
            "module.network.module.aws_network.module.vpc.aws_route_table_association.outpost",
            "module.network.module.aws_network.module.vpc.aws_route_table_association.private",
            "module.network.module.aws_network.module.vpc.aws_route_table_association.public",
            "module.network.module.aws_network.module.vpc.aws_route_table_association.redshift",
            "module.network.module.aws_network.module.vpc.aws_route_table_association.redshift_public",
            "module.network.module.aws_network.module.vpc.aws_subnet.database",
            "module.network.module.aws_network.module.vpc.aws_subnet.elasticache",
            "module.network.module.aws_network.module.vpc.aws_subnet.intra",
            "module.network.module.aws_network.module.vpc.aws_subnet.outpost",
            "module.network.module.aws_network.module.vpc.aws_subnet.private",
            "module.network.module.aws_network.module.vpc.aws_subnet.public",
            "module.network.module.aws_network.module.vpc.aws_subnet.redshift",
            "module.network.module.aws_network.module.vpc.aws_vpc.this",
            "module.network.module.aws_network.module.vpc.aws_vpc_block_public_access_exclusion.this",
            "module.network.module.aws_network.module.vpc.aws_vpc_block_public_access_options.this",
            "module.network.module.aws_network.module.vpc.aws_vpc_dhcp_options.this",
            "module.network.module.aws_network.module.vpc.aws_vpc_dhcp_options_association.this",
            "module.network.module.aws_network.module.vpc.aws_vpc_ipv4_cidr_block_association.this",
            "module.network.module.aws_network.module.vpc.aws_vpn_gateway.this",
            "module.network.module.aws_network.module.vpc.aws_vpn_gateway_attachment.this",
            "module.network.module.aws_network.module.vpc.aws_vpn_gateway_route_propagation.intra",
            "module.network.module.aws_network.module.vpc.aws_vpn_gateway_route_propagation.private",
            "module.network.module.aws_network.module.vpc.aws_vpn_gateway_route_propagation.public",
            "module.network.module.aws_network.module.vpc.data.aws_caller_identity.current",
            "module.network.module.aws_network.module.vpc.data.aws_iam_policy_document.flow_log_cloudwatch_assume_role",
            "module.network.module.aws_network.module.vpc.data.aws_iam_policy_document.vpc_flow_log_cloudwatch",
            "module.network.module.aws_network.module.vpc.data.aws_partition.current",
            "module.network.module.aws_network.module.vpc.data.aws_region.current",
            "module.network.module.gcp_network.google_compute_firewall.allow_health_checks",
            "module.network.module.gcp_network.google_compute_firewall.allow_internal",
            "module.network.module.gcp_network.google_compute_network.vpc",
            "module.network.module.gcp_network.google_compute_router.router",
            "module.network.module.gcp_network.google_compute_router_nat.nat",
            "module.network.module.gcp_network.google_compute_subnetwork.private",
            "module.network.module.gcp_network.google_compute_subnetwork.public"
          ],
          "create_before_destroy": true
        },
        {
          "index_key": "roles/stackdriver.resourceMetadata.writer",
          "schema_version": 0,
          "attributes": {
            "condition": [],
            "etag": "BwY4fGlHLi4=",
            "id": "terraformproject-464104/roles/stackdriver.resourceMetadata.writer/serviceAccount:multicloud-dev-gke-node-sa@terraformproject-464104.iam.gserviceaccount.com",
            "member": "serviceAccount:multicloud-dev-gke-node-sa@terraformproject-464104.iam.gserviceaccount.com",
            "project": "terraformproject-464104",
            "role": "roles/stackdriver.resourceMetadata.writer"
          },
          "sensitive_attributes": [],
          "identity_schema_version": 0,
          "private": "bnVsbA==",
          "dependencies": [
            "module.kubernetes.module.gcp_gke.google_service_account.node_sa",
            "module.network.module.aws_network.aws_vpc_endpoint.s3",
            "module.network.module.aws_network.aws_vpc_endpoint_route_table_association.s3_private",
            "module.network.module.aws_network.module.vpc.aws_cloudwatch_log_group.flow_log",
            "module.network.module.aws_network.module.vpc.aws_customer_gateway.this",
            "module.network.module.aws_network.module.vpc.aws_db_subnet_group.database",
            "module.network.module.aws_network.module.vpc.aws_default_network_acl.this",
            "module.network.module.aws_network.module.vpc.aws_default_route_table.default",
            "module.network.module.aws_network.module.vpc.aws_default_security_group.this",
            "module.network.module.aws_network.module.vpc.aws_default_vpc.this",
            "module.network.module.aws_network.module.vpc.aws_egress_only_internet_gateway.this",
            "module.network.module.aws_network.module.vpc.aws_eip.nat",
            "module.network.module.aws_network.module.vpc.aws_elasticache_subnet_group.elasticache",
            "module.network.module.aws_network.module.vpc.aws_flow_log.this",
            "module.network.module.aws_network.module.vpc.aws_iam_policy.vpc_flow_log_cloudwatch",
            "module.network.module.aws_network.module.vpc.aws_iam_role.vpc_flow_log_cloudwatch",
            "module.network.module.aws_network.module.vpc.aws_iam_role_policy_attachment.vpc_flow_log_cloudwatch",
            "module.network.module.aws_network.module.vpc.aws_internet_gateway.this",
            "module.network.module.aws_network.module.vpc.aws_nat_gateway.this",
            "module.network.module.aws_network.module.vpc.aws_network_acl.database",
            "module.network.module.aws_network.module.vpc.aws_network_acl.elasticache",
            "module.network.module.aws_network.module.vpc.aws_network_acl.intra",
            "module.network.module.aws_network.module.vpc.aws_network_acl.outpost",
            "module.network.module.aws_network.module.vpc.aws_network_acl.private",
            "module.network.module.aws_network.module.vpc.aws_network_acl.public",
            "module.network.module.aws_network.module.vpc.aws_network_acl.redshift",
            "module.network.module.aws_network.module.vpc.aws_network_acl_rule.database_inbound",
            "module.network.module.aws_network.module.vpc.aws_network_acl_rule.database_outbound",
            "module.network.module.aws_network.module.vpc.aws_network_acl_rule.elasticache_inbound",
            "module.network.module.aws_network.module.vpc.aws_network_acl_rule.elasticache_outbound",
            "module.network.module.aws_network.module.vpc.aws_network_acl_rule.intra_inbound",
            "module.network.module.aws_network.module.vpc.aws_network_acl_rule.intra_outbound",
            "module.network.module.aws_network.module.vpc.aws_network_acl_rule.outpost_inbound",
            "module.network.module.aws_network.module.vpc.aws_network_acl_rule.outpost_outbound",
            "module.network.module.aws_network.module.vpc.aws_network_acl_rule.private_inbound",
            "module.network.module.aws_network.module.vpc.aws_network_acl_rule.private_outbound",
            "module.network.module.aws_network.module.vpc.aws_network_acl_rule.public_inbound",
            "module.network.module.aws_network.module.vpc.aws_network_acl_rule.public_outbound",
            "module.network.module.aws_network.module.vpc.aws_network_acl_rule.redshift_inbound",
            "module.network.module.aws_network.module.vpc.aws_network_acl_rule.redshift_outbound",
            "module.network.module.aws_network.module.vpc.aws_redshift_subnet_group.redshift",
            "module.network.module.aws_network.module.vpc.aws_route.database_dns64_nat_gateway",
            "module.network.module.aws_network.module.vpc.aws_route.database_internet_gateway",
            "module.network.module.aws_network.module.vpc.aws_route.database_ipv6_egress",
            "module.network.module.aws_network.module.vpc.aws_route.database_nat_gateway",
            "module.network.module.aws_network.module.vpc.aws_route.private_dns64_nat_gateway",
            "module.network.module.aws_network.module.vpc.aws_route.private_ipv6_egress",
            "module.network.module.aws_network.module.vpc.aws_route.private_nat_gateway",
            "module.network.module.aws_network.module.vpc.aws_route.public_internet_gateway",
            "module.network.module.aws_network.module.vpc.aws_route.public_internet_gateway_ipv6",
            "module.network.module.aws_network.module.vpc.aws_route_table.database",
            "module.network.module.aws_network.module.vpc.aws_route_table.elasticache",
            "module.network.module.aws_network.module.vpc.aws_route_table.intra",
            "module.network.module.aws_network.module.vpc.aws_route_table.private",
            "module.network.module.aws_network.module.vpc.aws_route_table.public",
            "module.network.module.aws_network.module.vpc.aws_route_table.redshift",
            "module.network.module.aws_network.module.vpc.aws_route_table_association.database",
            "module.network.module.aws_network.module.vpc.aws_route_table_association.elasticache",
            "module.network.module.aws_network.module.vpc.aws_route_table_association.intra",
            "module.network.module.aws_network.module.vpc.aws_route_table_association.outpost",
            "module.network.module.aws_network.module.vpc.aws_route_table_association.private",
            "module.network.module.aws_network.module.vpc.aws_route_table_association.public",
            "module.network.module.aws_network.module.vpc.aws_route_table_association.redshift",
            "module.network.module.aws_network.module.vpc.aws_route_table_association.redshift_public",
            "module.network.module.aws_network.module.vpc.aws_subnet.database",
            "module.network.module.aws_network.module.vpc.aws_subnet.elasticache",
            "module.network.module.aws_network.module.vpc.aws_subnet.intra",
            "module.network.module.aws_network.module.vpc.aws_subnet.outpost",
            "module.network.module.aws_network.module.vpc.aws_subnet.private",
            "module.network.module.aws_network.module.vpc.aws_subnet.public",
            "module.network.module.aws_network.module.vpc.aws_subnet.redshift",
            "module.network.module.aws_network.module.vpc.aws_vpc.this",
            "module.network.module.aws_network.module.vpc.aws_vpc_block_public_access_exclusion.this",
            "module.network.module.aws_network.module.vpc.aws_vpc_block_public_access_options.this",
            "module.network.module.aws_network.module.vpc.aws_vpc_dhcp_options.this",
            "module.network.module.aws_network.module.vpc.aws_vpc_dhcp_options_association.this",
            "module.network.module.aws_network.module.vpc.aws_vpc_ipv4_cidr_block_association.this",
            "module.network.module.aws_network.module.vpc.aws_vpn_gateway.this",
            "module.network.module.aws_network.module.vpc.aws_vpn_gateway_attachment.this",
            "module.network.module.aws_network.module.vpc.aws_vpn_gateway_route_propagation.intra",
            "module.network.module.aws_network.module.vpc.aws_vpn_gateway_route_propagation.private",
            "module.network.module.aws_network.module.vpc.aws_vpn_gateway_route_propagation.public",
            "module.network.module.aws_network.module.vpc.data.aws_caller_identity.current",
            "module.network.module.aws_network.module.vpc.data.aws_iam_policy_document.flow_log_cloudwatch_assume_role",
            "module.network.module.aws_network.module.vpc.data.aws_iam_policy_document.vpc_flow_log_cloudwatch",
            "module.network.module.aws_network.module.vpc.data.aws_partition.current",
            "module.network.module.aws_network.module.vpc.data.aws_region.current",
            "module.network.module.gcp_network.google_compute_firewall.allow_health_checks",
            "module.network.module.gcp_network.google_compute_firewall.allow_internal",
            "module.network.module.gcp_network.google_compute_network.vpc",
            "module.network.module.gcp_network.google_compute_router.router",
            "module.network.module.gcp_network.google_compute_router_nat.nat",
            "module.network.module.gcp_network.google_compute_subnetwork.private",
            "module.network.module.gcp_network.google_compute_subnetwork.public"
          ],
          "create_before_destroy": true
        },
        {
          "index_key": "roles/storage.objectViewer",
          "schema_version": 0,
          "attributes": {
            "condition": [],
            "etag": "BwY4fGlHLi4=",
            "id": "terraformproject-464104/roles/storage.objectViewer/serviceAccount:multicloud-dev-gke-node-sa@terraformproject-464104.iam.gserviceaccount.com",
            "member": "serviceAccount:multicloud-dev-gke-node-sa@terraformproject-464104.iam.gserviceaccount.com",
            "project": "terraformproject-464104",
            "role": "roles/storage.objectViewer"
          },
          "sensitive_attributes": [],
          "identity_schema_version": 0,
          "private": "bnVsbA==",
          "dependencies": [
            "module.kubernetes.module.gcp_gke.google_service_account.node_sa",
            "module.network.module.aws_network.aws_vpc_endpoint.s3",
            "module.network.module.aws_network.aws_vpc_endpoint_route_table_association.s3_private",
            "module.network.module.aws_network.module.vpc.aws_cloudwatch_log_group.flow_log",
            "module.network.module.aws_network.module.vpc.aws_customer_gateway.this",
            "module.network.module.aws_network.module.vpc.aws_db_subnet_group.database",
            "module.network.module.aws_network.module.vpc.aws_default_network_acl.this",
            "module.network.module.aws_network.module.vpc.aws_default_route_table.default",
            "module.network.module.aws_network.module.vpc.aws_default_security_group.this",
            "module.network.module.aws_network.module.vpc.aws_default_vpc.this",
            "module.network.module.aws_network.module.vpc.aws_egress_only_internet_gateway.this",
            "module.network.module.aws_network.module.vpc.aws_eip.nat",
            "module.network.module.aws_network.module.vpc.aws_elasticache_subnet_group.elasticache",
            "module.network.module.aws_network.module.vpc.aws_flow_log.this",
            "module.network.module.aws_network.module.vpc.aws_iam_policy.vpc_flow_log_cloudwatch",
            "module.network.module.aws_network.module.vpc.aws_iam_role.vpc_flow_log_cloudwatch",
            "module.network.module.aws_network.module.vpc.aws_iam_role_policy_attachment.vpc_flow_log_cloudwatch",
            "module.network.module.aws_network.module.vpc.aws_internet_gateway.this",
            "module.network.module.aws_network.module.vpc.aws_nat_gateway.this",
            "module.network.module.aws_network.module.vpc.aws_network_acl.database",
            "module.network.module.aws_network.module.vpc.aws_network_acl.elasticache",
            "module.network.module.aws_network.module.vpc.aws_network_acl.intra",
            "module.network.module.aws_network.module.vpc.aws_network_acl.outpost",
            "module.network.module.aws_network.module.vpc.aws_network_acl.private",
            "module.network.module.aws_network.module.vpc.aws_network_acl.public",
            "module.network.module.aws_network.module.vpc.aws_network_acl.redshift",
            "module.network.module.aws_network.module.vpc.aws_network_acl_rule.database_inbound",
            "module.network.module.aws_network.module.vpc.aws_network_acl_rule.database_outbound",
            "module.network.module.aws_network.module.vpc.aws_network_acl_rule.elasticache_inbound",
            "module.network.module.aws_network.module.vpc.aws_network_acl_rule.elasticache_outbound",
            "module.network.module.aws_network.module.vpc.aws_network_acl_rule.intra_inbound",
            "module.network.module.aws_network.module.vpc.aws_network_acl_rule.intra_outbound",
            "module.network.module.aws_network.module.vpc.aws_network_acl_rule.outpost_inbound",
            "module.network.module.aws_network.module.vpc.aws_network_acl_rule.outpost_outbound",
            "module.network.module.aws_network.module.vpc.aws_network_acl_rule.private_inbound",
            "module.network.module.aws_network.module.vpc.aws_network_acl_rule.private_outbound",
            "module.network.module.aws_network.module.vpc.aws_network_acl_rule.public_inbound",
            "module.network.module.aws_network.module.vpc.aws_network_acl_rule.public_outbound",
            "module.network.module.aws_network.module.vpc.aws_network_acl_rule.redshift_inbound",
            "module.network.module.aws_network.module.vpc.aws_network_acl_rule.redshift_outbound",
            "module.network.module.aws_network.module.vpc.aws_redshift_subnet_group.redshift",
            "module.network.module.aws_network.module.vpc.aws_route.database_dns64_nat_gateway",
            "module.network.module.aws_network.module.vpc.aws_route.database_internet_gateway",
            "module.network.module.aws_network.module.vpc.aws_route.database_ipv6_egress",
            "module.network.module.aws_network.module.vpc.aws_route.database_nat_gateway",
            "module.network.module.aws_network.module.vpc.aws_route.private_dns64_nat_gateway",
            "module.network.module.aws_network.module.vpc.aws_route.private_ipv6_egress",
            "module.network.module.aws_network.module.vpc.aws_route.private_nat_gateway",
            "module.network.module.aws_network.module.vpc.aws_route.public_internet_gateway",
            "module.network.module.aws_network.module.vpc.aws_route.public_internet_gateway_ipv6",
            "module.network.module.aws_network.module.vpc.aws_route_table.database",
            "module.network.module.aws_network.module.vpc.aws_route_table.elasticache",
            "module.network.module.aws_network.module.vpc.aws_route_table.intra",
            "module.network.module.aws_network.module.vpc.aws_route_table.private",
            "module.network.module.aws_network.module.vpc.aws_route_table.public",
            "module.network.module.aws_network.module.vpc.aws_route_table.redshift",
            "module.network.module.aws_network.module.vpc.aws_route_table_association.database",
            "module.network.module.aws_network.module.vpc.aws_route_table_association.elasticache",
            "module.network.module.aws_network.module.vpc.aws_route_table_association.intra",
            "module.network.module.aws_network.module.vpc.aws_route_table_association.outpost",
            "module.network.module.aws_network.module.vpc.aws_route_table_association.private",
            "module.network.module.aws_network.module.vpc.aws_route_table_association.public",
            "module.network.module.aws_network.module.vpc.aws_route_table_association.redshift",
            "module.network.module.aws_network.module.vpc.aws_route_table_association.redshift_public",
            "module.network.module.aws_network.module.vpc.aws_subnet.database",
            "module.network.module.aws_network.module.vpc.aws_subnet.elasticache",
            "module.network.module.aws_network.module.vpc.aws_subnet.intra",
            "module.network.module.aws_network.module.vpc.aws_subnet.outpost",
            "module.network.module.aws_network.module.vpc.aws_subnet.private",
            "module.network.module.aws_network.module.vpc.aws_subnet.public",
            "module.network.module.aws_network.module.vpc.aws_subnet.redshift",
            "module.network.module.aws_network.module.vpc.aws_vpc.this",
            "module.network.module.aws_network.module.vpc.aws_vpc_block_public_access_exclusion.this",
            "module.network.module.aws_network.module.vpc.aws_vpc_block_public_access_options.this",
            "module.network.module.aws_network.module.vpc.aws_vpc_dhcp_options.this",
            "module.network.module.aws_network.module.vpc.aws_vpc_dhcp_options_association.this",
            "module.network.module.aws_network.module.vpc.aws_vpc_ipv4_cidr_block_association.this",
            "module.network.module.aws_network.module.vpc.aws_vpn_gateway.this",
            "module.network.module.aws_network.module.vpc.aws_vpn_gateway_attachment.this",
            "module.network.module.aws_network.module.vpc.aws_vpn_gateway_route_propagation.intra",
            "module.network.module.aws_network.module.vpc.aws_vpn_gateway_route_propagation.private",
            "module.network.module.aws_network.module.vpc.aws_vpn_gateway_route_propagation.public",
            "module.network.module.aws_network.module.vpc.data.aws_caller_identity.current",
            "module.network.module.aws_network.module.vpc.data.aws_iam_policy_document.flow_log_cloudwatch_assume_role",
            "module.network.module.aws_network.module.vpc.data.aws_iam_policy_document.vpc_flow_log_cloudwatch",
            "module.network.module.aws_network.module.vpc.data.aws_partition.current",
            "module.network.module.aws_network.module.vpc.data.aws_region.current",
            "module.network.module.gcp_network.google_compute_firewall.allow_health_checks",
            "module.network.module.gcp_network.google_compute_firewall.allow_internal",
            "module.network.module.gcp_network.google_compute_network.vpc",
            "module.network.module.gcp_network.google_compute_router.router",
            "module.network.module.gcp_network.google_compute_router_nat.nat",
            "module.network.module.gcp_network.google_compute_subnetwork.private",
            "module.network.module.gcp_network.google_compute_subnetwork.public"
          ],
          "create_before_destroy": true
        }
      ]
    },
    {
      "module": "module.kubernetes.module.gcp_gke[0]",
      "mode": "managed",
      "type": "google_service_account",
      "name": "node_sa",
      "provider": "provider[\"registry.terraform.io/hashicorp/google\"]",
      "instances": [
        {
          "schema_version": 0,
          "attributes": {
            "account_id": "multicloud-dev-gke-node-sa",
            "create_ignore_already_exists": null,
            "description": "",
            "disabled": false,
            "display_name": "GKE Node Service Account for multicloud-dev-gke",
            "email": "multicloud-dev-gke-node-sa@terraformproject-464104.iam.gserviceaccount.com",
            "id": "projects/terraformproject-464104/serviceAccounts/multicloud-dev-gke-node-sa@terraformproject-464104.iam.gserviceaccount.com",
            "member": "serviceAccount:multicloud-dev-gke-node-sa@terraformproject-464104.iam.gserviceaccount.com",
            "name": "projects/terraformproject-464104/serviceAccounts/multicloud-dev-gke-node-sa@terraformproject-464104.iam.gserviceaccount.com",
            "project": "terraformproject-464104",
            "timeouts": null,
            "unique_id": "108121707463609193193"
          },
          "sensitive_attributes": [],
          "identity_schema_version": 0,
          "private": "eyJlMmJmYjczMC1lY2FhLTExZTYtOGY4OC0zNDM2M2JjN2M0YzAiOnsiY3JlYXRlIjozMDAwMDAwMDAwMDB9fQ==",
          "dependencies": [
            "module.network.module.aws_network.aws_vpc_endpoint.s3",
            "module.network.module.aws_network.aws_vpc_endpoint_route_table_association.s3_private",
            "module.network.module.aws_network.module.vpc.aws_cloudwatch_log_group.flow_log",
            "module.network.module.aws_network.module.vpc.aws_customer_gateway.this",
            "module.network.module.aws_network.module.vpc.aws_db_subnet_group.database",
            "module.network.module.aws_network.module.vpc.aws_default_network_acl.this",
            "module.network.module.aws_network.module.vpc.aws_default_route_table.default",
            "module.network.module.aws_network.module.vpc.aws_default_security_group.this",
            "module.network.module.aws_network.module.vpc.aws_default_vpc.this",
            "module.network.module.aws_network.module.vpc.aws_egress_only_internet_gateway.this",
            "module.network.module.aws_network.module.vpc.aws_eip.nat",
            "module.network.module.aws_network.module.vpc.aws_elasticache_subnet_group.elasticache",
            "module.network.module.aws_network.module.vpc.aws_flow_log.this",
            "module.network.module.aws_network.module.vpc.aws_iam_policy.vpc_flow_log_cloudwatch",
            "module.network.module.aws_network.module.vpc.aws_iam_role.vpc_flow_log_cloudwatch",
            "module.network.module.aws_network.module.vpc.aws_iam_role_policy_attachment.vpc_flow_log_cloudwatch",
            "module.network.module.aws_network.module.vpc.aws_internet_gateway.this",
            "module.network.module.aws_network.module.vpc.aws_nat_gateway.this",
            "module.network.module.aws_network.module.vpc.aws_network_acl.database",
            "module.network.module.aws_network.module.vpc.aws_network_acl.elasticache",
            "module.network.module.aws_network.module.vpc.aws_network_acl.intra",
            "module.network.module.aws_network.module.vpc.aws_network_acl.outpost",
            "module.network.module.aws_network.module.vpc.aws_network_acl.private",
            "module.network.module.aws_network.module.vpc.aws_network_acl.public",
            "module.network.module.aws_network.module.vpc.aws_network_acl.redshift",
            "module.network.module.aws_network.module.vpc.aws_network_acl_rule.database_inbound",
            "module.network.module.aws_network.module.vpc.aws_network_acl_rule.database_outbound",
            "module.network.module.aws_network.module.vpc.aws_network_acl_rule.elasticache_inbound",
            "module.network.module.aws_network.module.vpc.aws_network_acl_rule.elasticache_outbound",
            "module.network.module.aws_network.module.vpc.aws_network_acl_rule.intra_inbound",
            "module.network.module.aws_network.module.vpc.aws_network_acl_rule.intra_outbound",
            "module.network.module.aws_network.module.vpc.aws_network_acl_rule.outpost_inbound",
            "module.network.module.aws_network.module.vpc.aws_network_acl_rule.outpost_outbound",
            "module.network.module.aws_network.module.vpc.aws_network_acl_rule.private_inbound",
            "module.network.module.aws_network.module.vpc.aws_network_acl_rule.private_outbound",
            "module.network.module.aws_network.module.vpc.aws_network_acl_rule.public_inbound",
            "module.network.module.aws_network.module.vpc.aws_network_acl_rule.public_outbound",
            "module.network.module.aws_network.module.vpc.aws_network_acl_rule.redshift_inbound",
            "module.network.module.aws_network.module.vpc.aws_network_acl_rule.redshift_outbound",
            "module.network.module.aws_network.module.vpc.aws_redshift_subnet_group.redshift",
            "module.network.module.aws_network.module.vpc.aws_route.database_dns64_nat_gateway",
            "module.network.module.aws_network.module.vpc.aws_route.database_internet_gateway",
            "module.network.module.aws_network.module.vpc.aws_route.database_ipv6_egress",
            "module.network.module.aws_network.module.vpc.aws_route.database_nat_gateway",
            "module.network.module.aws_network.module.vpc.aws_route.private_dns64_nat_gateway",
            "module.network.module.aws_network.module.vpc.aws_route.private_ipv6_egress",
            "module.network.module.aws_network.module.vpc.aws_route.private_nat_gateway",
            "module.network.module.aws_network.module.vpc.aws_route.public_internet_gateway",
            "module.network.module.aws_network.module.vpc.aws_route.public_internet_gateway_ipv6",
            "module.network.module.aws_network.module.vpc.aws_route_table.database",
            "module.network.module.aws_network.module.vpc.aws_route_table.elasticache",
            "module.network.module.aws_network.module.vpc.aws_route_table.intra",
            "module.network.module.aws_network.module.vpc.aws_route_table.private",
            "module.network.module.aws_network.module.vpc.aws_route_table.public",
            "module.network.module.aws_network.module.vpc.aws_route_table.redshift",
            "module.network.module.aws_network.module.vpc.aws_route_table_association.database",
            "module.network.module.aws_network.module.vpc.aws_route_table_association.elasticache",
            "module.network.module.aws_network.module.vpc.aws_route_table_association.intra",
            "module.network.module.aws_network.module.vpc.aws_route_table_association.outpost",
            "module.network.module.aws_network.module.vpc.aws_route_table_association.private",
            "module.network.module.aws_network.module.vpc.aws_route_table_association.public",
            "module.network.module.aws_network.module.vpc.aws_route_table_association.redshift",
            "module.network.module.aws_network.module.vpc.aws_route_table_association.redshift_public",
            "module.network.module.aws_network.module.vpc.aws_subnet.database",
            "module.network.module.aws_network.module.vpc.aws_subnet.elasticache",
            "module.network.module.aws_network.module.vpc.aws_subnet.intra",
            "module.network.module.aws_network.module.vpc.aws_subnet.outpost",
            "module.network.module.aws_network.module.vpc.aws_subnet.private",
            "module.network.module.aws_network.module.vpc.aws_subnet.public",
            "module.network.module.aws_network.module.vpc.aws_subnet.redshift",
            "module.network.module.aws_network.module.vpc.aws_vpc.this",
            "module.network.module.aws_network.module.vpc.aws_vpc_block_public_access_exclusion.this",
            "module.network.module.aws_network.module.vpc.aws_vpc_block_public_access_options.this",
            "module.network.module.aws_network.module.vpc.aws_vpc_dhcp_options.this",
            "module.network.module.aws_network.module.vpc.aws_vpc_dhcp_options_association.this",
            "module.network.module.aws_network.module.vpc.aws_vpc_ipv4_cidr_block_association.this",
            "module.network.module.aws_network.module.vpc.aws_vpn_gateway.this",
            "module.network.module.aws_network.module.vpc.aws_vpn_gateway_attachment.this",
            "module.network.module.aws_network.module.vpc.aws_vpn_gateway_route_propagation.intra",
            "module.network.module.aws_network.module.vpc.aws_vpn_gateway_route_propagation.private",
            "module.network.module.aws_network.module.vpc.aws_vpn_gateway_route_propagation.public",
            "module.network.module.aws_network.module.vpc.data.aws_caller_identity.current",
            "module.network.module.aws_network.module.vpc.data.aws_iam_policy_document.flow_log_cloudwatch_assume_role",
            "module.network.module.aws_network.module.vpc.data.aws_iam_policy_document.vpc_flow_log_cloudwatch",
            "module.network.module.aws_network.module.vpc.data.aws_partition.current",
            "module.network.module.aws_network.module.vpc.data.aws_region.current",
            "module.network.module.gcp_network.google_compute_firewall.allow_health_checks",
            "module.network.module.gcp_network.google_compute_firewall.allow_internal",
            "module.network.module.gcp_network.google_compute_network.vpc",
            "module.network.module.gcp_network.google_compute_router.router",
            "module.network.module.gcp_network.google_compute_router_nat.nat",
            "module.network.module.gcp_network.google_compute_subnetwork.private",
            "module.network.module.gcp_network.google_compute_subnetwork.public"
          ],
          "create_before_destroy": true
        }
      ]
    },
    {
      "module": "module.load_balancer.module.gcp_lb[0]",
      "mode": "managed",
      "type": "google_compute_global_address",
      "name": "lb_ip",
      "provider": "provider[\"registry.terraform.io/hashicorp/google\"]",
      "instances": [
        {
          "schema_version": 0,
          "attributes": {
            "address": "34.120.48.67",
            "address_type": "EXTERNAL",
            "creation_timestamp": "2025-06-26T10:09:48.459-07:00",
            "description": "",
            "effective_labels": {
              "goog-terraform-provisioned": "true"
            },
            "id": "projects/terraformproject-464104/global/addresses/multicloud-dev-gke-lb-ip",
            "ip_version": "",
            "label_fingerprint": "vezUS-42LLM=",
            "labels": null,
            "name": "multicloud-dev-gke-lb-ip",
            "network": "",
            "prefix_length": 0,
            "project": "terraformproject-464104",
            "purpose": "",
            "self_link": "https://www.googleapis.com/compute/v1/projects/terraformproject-464104/global/addresses/multicloud-dev-gke-lb-ip",
            "terraform_labels": {
              "goog-terraform-provisioned": "true"
            },
            "timeouts": null
          },
          "sensitive_attributes": [],
          "identity_schema_version": 0,
          "private": "eyJlMmJmYjczMC1lY2FhLTExZTYtOGY4OC0zNDM2M2JjN2M0YzAiOnsiY3JlYXRlIjoxMjAwMDAwMDAwMDAwLCJkZWxldGUiOjEyMDAwMDAwMDAwMDAsInVwZGF0ZSI6MTIwMDAwMDAwMDAwMH19",
          "dependencies": [
            "module.kubernetes.module.aws_eks.module.eks.aws_cloudwatch_log_group.this",
            "module.kubernetes.module.aws_eks.module.eks.aws_ec2_tag.cluster_primary_security_group",
            "module.kubernetes.module.aws_eks.module.eks.aws_eks_access_entry.this",
            "module.kubernetes.module.aws_eks.module.eks.aws_eks_access_policy_association.this",
            "module.kubernetes.module.aws_eks.module.eks.aws_eks_addon.before_compute",
            "module.kubernetes.module.aws_eks.module.eks.aws_eks_addon.this",
            "module.kubernetes.module.aws_eks.module.eks.aws_eks_cluster.this",
            "module.kubernetes.module.aws_eks.module.eks.aws_eks_identity_provider_config.this",
            "module.kubernetes.module.aws_eks.module.eks.aws_iam_openid_connect_provider.oidc_provider",
            "module.kubernetes.module.aws_eks.module.eks.aws_iam_policy.cluster_encryption",
            "module.kubernetes.module.aws_eks.module.eks.aws_iam_policy.cni_ipv6_policy",
            "module.kubernetes.module.aws_eks.module.eks.aws_iam_policy.custom",
            "module.kubernetes.module.aws_eks.module.eks.aws_iam_role.eks_auto",
            "module.kubernetes.module.aws_eks.module.eks.aws_iam_role.this",
            "module.kubernetes.module.aws_eks.module.eks.aws_iam_role_policy_attachment.additional",
            "module.kubernetes.module.aws_eks.module.eks.aws_iam_role_policy_attachment.cluster_encryption",
            "module.kubernetes.module.aws_eks.module.eks.aws_iam_role_policy_attachment.custom",
            "module.kubernetes.module.aws_eks.module.eks.aws_iam_role_policy_attachment.eks_auto",
            "module.kubernetes.module.aws_eks.module.eks.aws_iam_role_policy_attachment.eks_auto_additional",
            "module.kubernetes.module.aws_eks.module.eks.aws_iam_role_policy_attachment.this",
            "module.kubernetes.module.aws_eks.module.eks.aws_security_group.cluster",
            "module.kubernetes.module.aws_eks.module.eks.aws_security_group.node",
            "module.kubernetes.module.aws_eks.module.eks.aws_security_group_rule.cluster",
            "module.kubernetes.module.aws_eks.module.eks.aws_security_group_rule.node",
            "module.kubernetes.module.aws_eks.module.eks.data.aws_caller_identity.current",
            "module.kubernetes.module.aws_eks.module.eks.data.aws_eks_addon_version.this",
            "module.kubernetes.module.aws_eks.module.eks.data.aws_iam_policy_document.assume_role_policy",
            "module.kubernetes.module.aws_eks.module.eks.data.aws_iam_policy_document.cni_ipv6_policy",
            "module.kubernetes.module.aws_eks.module.eks.data.aws_iam_policy_document.custom",
            "module.kubernetes.module.aws_eks.module.eks.data.aws_iam_policy_document.node_assume_role_policy",
            "module.kubernetes.module.aws_eks.module.eks.data.aws_iam_session_context.current",
            "module.kubernetes.module.aws_eks.module.eks.data.aws_partition.current",
            "module.kubernetes.module.aws_eks.module.eks.data.tls_certificate.this",
            "module.kubernetes.module.aws_eks.module.eks.module.eks_managed_node_group.aws_autoscaling_schedule.this",
            "module.kubernetes.module.aws_eks.module.eks.module.eks_managed_node_group.aws_eks_node_group.this",
            "module.kubernetes.module.aws_eks.module.eks.module.eks_managed_node_group.aws_iam_role.this",
            "module.kubernetes.module.aws_eks.module.eks.module.eks_managed_node_group.aws_iam_role_policy.this",
            "module.kubernetes.module.aws_eks.module.eks.module.eks_managed_node_group.aws_iam_role_policy_attachment.additional",
            "module.kubernetes.module.aws_eks.module.eks.module.eks_managed_node_group.aws_iam_role_policy_attachment.this",
            "module.kubernetes.module.aws_eks.module.eks.module.eks_managed_node_group.aws_launch_template.this",
            "module.kubernetes.module.aws_eks.module.eks.module.eks_managed_node_group.aws_placement_group.this",
            "module.kubernetes.module.aws_eks.module.eks.module.eks_managed_node_group.data.aws_caller_identity.current",
            "module.kubernetes.module.aws_eks.module.eks.module.eks_managed_node_group.data.aws_ec2_instance_type.this",
            "module.kubernetes.module.aws_eks.module.eks.module.eks_managed_node_group.data.aws_ec2_instance_type_offerings.this",
            "module.kubernetes.module.aws_eks.module.eks.module.eks_managed_node_group.data.aws_iam_policy_document.assume_role_policy",
            "module.kubernetes.module.aws_eks.module.eks.module.eks_managed_node_group.data.aws_iam_policy_document.role",
            "module.kubernetes.module.aws_eks.module.eks.module.eks_managed_node_group.data.aws_partition.current",
            "module.kubernetes.module.aws_eks.module.eks.module.eks_managed_node_group.data.aws_ssm_parameter.ami",
            "module.kubernetes.module.aws_eks.module.eks.module.eks_managed_node_group.data.aws_subnets.placement_group",
            "module.kubernetes.module.aws_eks.module.eks.module.eks_managed_node_group.module.user_data.data.cloudinit_config.al2023_eks_managed_node_group",
            "module.kubernetes.module.aws_eks.module.eks.module.eks_managed_node_group.module.user_data.data.cloudinit_config.linux_eks_managed_node_group",
            "module.kubernetes.module.aws_eks.module.eks.module.eks_managed_node_group.module.user_data.null_resource.validate_cluster_service_cidr",
            "module.kubernetes.module.aws_eks.module.eks.module.fargate_profile.aws_eks_fargate_profile.this",
            "module.kubernetes.module.aws_eks.module.eks.module.fargate_profile.aws_iam_role.this",
            "module.kubernetes.module.aws_eks.module.eks.module.fargate_profile.aws_iam_role_policy.this",
            "module.kubernetes.module.aws_eks.module.eks.module.fargate_profile.aws_iam_role_policy_attachment.additional",
            "module.kubernetes.module.aws_eks.module.eks.module.fargate_profile.aws_iam_role_policy_attachment.this",
            "module.kubernetes.module.aws_eks.module.eks.module.fargate_profile.data.aws_caller_identity.current",
            "module.kubernetes.module.aws_eks.module.eks.module.fargate_profile.data.aws_iam_policy_document.assume_role_policy",
            "module.kubernetes.module.aws_eks.module.eks.module.fargate_profile.data.aws_iam_policy_document.role",
            "module.kubernetes.module.aws_eks.module.eks.module.fargate_profile.data.aws_partition.current",
            "module.kubernetes.module.aws_eks.module.eks.module.fargate_profile.data.aws_region.current",
            "module.kubernetes.module.aws_eks.module.eks.module.kms.aws_kms_alias.this",
            "module.kubernetes.module.aws_eks.module.eks.module.kms.aws_kms_external_key.this",
            "module.kubernetes.module.aws_eks.module.eks.module.kms.aws_kms_grant.this",
            "module.kubernetes.module.aws_eks.module.eks.module.kms.aws_kms_key.this",
            "module.kubernetes.module.aws_eks.module.eks.module.kms.aws_kms_replica_external_key.this",
            "module.kubernetes.module.aws_eks.module.eks.module.kms.aws_kms_replica_key.this",
            "module.kubernetes.module.aws_eks.module.eks.module.kms.data.aws_caller_identity.current",
            "module.kubernetes.module.aws_eks.module.eks.module.kms.data.aws_iam_policy_document.this",
            "module.kubernetes.module.aws_eks.module.eks.module.kms.data.aws_partition.current",
            "module.kubernetes.module.aws_eks.module.eks.module.self_managed_node_group.aws_autoscaling_group.this",
            "module.kubernetes.module.aws_eks.module.eks.module.self_managed_node_group.aws_autoscaling_schedule.this",
            "module.kubernetes.module.aws_eks.module.eks.module.self_managed_node_group.aws_eks_access_entry.this",
            "module.kubernetes.module.aws_eks.module.eks.module.self_managed_node_group.aws_iam_instance_profile.this",
            "module.kubernetes.module.aws_eks.module.eks.module.self_managed_node_group.aws_iam_role.this",
            "module.kubernetes.module.aws_eks.module.eks.module.self_managed_node_group.aws_iam_role_policy.this",
            "module.kubernetes.module.aws_eks.module.eks.module.self_managed_node_group.aws_iam_role_policy_attachment.additional",
            "module.kubernetes.module.aws_eks.module.eks.module.self_managed_node_group.aws_iam_role_policy_attachment.this",
            "module.kubernetes.module.aws_eks.module.eks.module.self_managed_node_group.aws_launch_template.this",
            "module.kubernetes.module.aws_eks.module.eks.module.self_managed_node_group.aws_placement_group.this",
            "module.kubernetes.module.aws_eks.module.eks.module.self_managed_node_group.data.aws_caller_identity.current",
            "module.kubernetes.module.aws_eks.module.eks.module.self_managed_node_group.data.aws_ec2_instance_type.this",
            "module.kubernetes.module.aws_eks.module.eks.module.self_managed_node_group.data.aws_ec2_instance_type_offerings.this",
            "module.kubernetes.module.aws_eks.module.eks.module.self_managed_node_group.data.aws_iam_policy_document.assume_role_policy",
            "module.kubernetes.module.aws_eks.module.eks.module.self_managed_node_group.data.aws_iam_policy_document.role",
            "module.kubernetes.module.aws_eks.module.eks.module.self_managed_node_group.data.aws_partition.current",
            "module.kubernetes.module.aws_eks.module.eks.module.self_managed_node_group.data.aws_ssm_parameter.ami",
            "module.kubernetes.module.aws_eks.module.eks.module.self_managed_node_group.data.aws_subnets.placement_group",
            "module.kubernetes.module.aws_eks.module.eks.module.self_managed_node_group.module.user_data.data.cloudinit_config.al2023_eks_managed_node_group",
            "module.kubernetes.module.aws_eks.module.eks.module.self_managed_node_group.module.user_data.data.cloudinit_config.linux_eks_managed_node_group",
            "module.kubernetes.module.aws_eks.module.eks.module.self_managed_node_group.module.user_data.null_resource.validate_cluster_service_cidr",
            "module.kubernetes.module.aws_eks.module.eks.time_sleep.this",
            "module.kubernetes.module.gcp_gke.data.google_client_config.default",
            "module.kubernetes.module.gcp_gke.data.google_compute_network.vpc",
            "module.kubernetes.module.gcp_gke.data.google_compute_subnetwork.private",
            "module.kubernetes.module.gcp_gke.google_container_cluster.primary",
            "module.kubernetes.module.gcp_gke.google_container_node_pool.primary_nodes",
            "module.kubernetes.module.gcp_gke.google_project_iam_member.node_sa_roles",
            "module.kubernetes.module.gcp_gke.google_service_account.node_sa",
            "module.network.module.aws_network.aws_vpc_endpoint.s3",
            "module.network.module.aws_network.aws_vpc_endpoint_route_table_association.s3_private",
            "module.network.module.aws_network.module.vpc.aws_cloudwatch_log_group.flow_log",
            "module.network.module.aws_network.module.vpc.aws_customer_gateway.this",
            "module.network.module.aws_network.module.vpc.aws_db_subnet_group.database",
            "module.network.module.aws_network.module.vpc.aws_default_network_acl.this",
            "module.network.module.aws_network.module.vpc.aws_default_route_table.default",
            "module.network.module.aws_network.module.vpc.aws_default_security_group.this",
            "module.network.module.aws_network.module.vpc.aws_default_vpc.this",
            "module.network.module.aws_network.module.vpc.aws_egress_only_internet_gateway.this",
            "module.network.module.aws_network.module.vpc.aws_eip.nat",
            "module.network.module.aws_network.module.vpc.aws_elasticache_subnet_group.elasticache",
            "module.network.module.aws_network.module.vpc.aws_flow_log.this",
            "module.network.module.aws_network.module.vpc.aws_iam_policy.vpc_flow_log_cloudwatch",
            "module.network.module.aws_network.module.vpc.aws_iam_role.vpc_flow_log_cloudwatch",
            "module.network.module.aws_network.module.vpc.aws_iam_role_policy_attachment.vpc_flow_log_cloudwatch",
            "module.network.module.aws_network.module.vpc.aws_internet_gateway.this",
            "module.network.module.aws_network.module.vpc.aws_nat_gateway.this",
            "module.network.module.aws_network.module.vpc.aws_network_acl.database",
            "module.network.module.aws_network.module.vpc.aws_network_acl.elasticache",
            "module.network.module.aws_network.module.vpc.aws_network_acl.intra",
            "module.network.module.aws_network.module.vpc.aws_network_acl.outpost",
            "module.network.module.aws_network.module.vpc.aws_network_acl.private",
            "module.network.module.aws_network.module.vpc.aws_network_acl.public",
            "module.network.module.aws_network.module.vpc.aws_network_acl.redshift",
            "module.network.module.aws_network.module.vpc.aws_network_acl_rule.database_inbound",
            "module.network.module.aws_network.module.vpc.aws_network_acl_rule.database_outbound",
            "module.network.module.aws_network.module.vpc.aws_network_acl_rule.elasticache_inbound",
            "module.network.module.aws_network.module.vpc.aws_network_acl_rule.elasticache_outbound",
            "module.network.module.aws_network.module.vpc.aws_network_acl_rule.intra_inbound",
            "module.network.module.aws_network.module.vpc.aws_network_acl_rule.intra_outbound",
            "module.network.module.aws_network.module.vpc.aws_network_acl_rule.outpost_inbound",
            "module.network.module.aws_network.module.vpc.aws_network_acl_rule.outpost_outbound",
            "module.network.module.aws_network.module.vpc.aws_network_acl_rule.private_inbound",
            "module.network.module.aws_network.module.vpc.aws_network_acl_rule.private_outbound",
            "module.network.module.aws_network.module.vpc.aws_network_acl_rule.public_inbound",
            "module.network.module.aws_network.module.vpc.aws_network_acl_rule.public_outbound",
            "module.network.module.aws_network.module.vpc.aws_network_acl_rule.redshift_inbound",
            "module.network.module.aws_network.module.vpc.aws_network_acl_rule.redshift_outbound",
            "module.network.module.aws_network.module.vpc.aws_redshift_subnet_group.redshift",
            "module.network.module.aws_network.module.vpc.aws_route.database_dns64_nat_gateway",
            "module.network.module.aws_network.module.vpc.aws_route.database_internet_gateway",
            "module.network.module.aws_network.module.vpc.aws_route.database_ipv6_egress",
            "module.network.module.aws_network.module.vpc.aws_route.database_nat_gateway",
            "module.network.module.aws_network.module.vpc.aws_route.private_dns64_nat_gateway",
            "module.network.module.aws_network.module.vpc.aws_route.private_ipv6_egress",
            "module.network.module.aws_network.module.vpc.aws_route.private_nat_gateway",
            "module.network.module.aws_network.module.vpc.aws_route.public_internet_gateway",
            "module.network.module.aws_network.module.vpc.aws_route.public_internet_gateway_ipv6",
            "module.network.module.aws_network.module.vpc.aws_route_table.database",
            "module.network.module.aws_network.module.vpc.aws_route_table.elasticache",
            "module.network.module.aws_network.module.vpc.aws_route_table.intra",
            "module.network.module.aws_network.module.vpc.aws_route_table.private",
            "module.network.module.aws_network.module.vpc.aws_route_table.public",
            "module.network.module.aws_network.module.vpc.aws_route_table.redshift",
            "module.network.module.aws_network.module.vpc.aws_route_table_association.database",
            "module.network.module.aws_network.module.vpc.aws_route_table_association.elasticache",
            "module.network.module.aws_network.module.vpc.aws_route_table_association.intra",
            "module.network.module.aws_network.module.vpc.aws_route_table_association.outpost",
            "module.network.module.aws_network.module.vpc.aws_route_table_association.private",
            "module.network.module.aws_network.module.vpc.aws_route_table_association.public",
            "module.network.module.aws_network.module.vpc.aws_route_table_association.redshift",
            "module.network.module.aws_network.module.vpc.aws_route_table_association.redshift_public",
            "module.network.module.aws_network.module.vpc.aws_subnet.database",
            "module.network.module.aws_network.module.vpc.aws_subnet.elasticache",
            "module.network.module.aws_network.module.vpc.aws_subnet.intra",
            "module.network.module.aws_network.module.vpc.aws_subnet.outpost",
            "module.network.module.aws_network.module.vpc.aws_subnet.private",
            "module.network.module.aws_network.module.vpc.aws_subnet.public",
            "module.network.module.aws_network.module.vpc.aws_subnet.redshift",
            "module.network.module.aws_network.module.vpc.aws_vpc.this",
            "module.network.module.aws_network.module.vpc.aws_vpc_block_public_access_exclusion.this",
            "module.network.module.aws_network.module.vpc.aws_vpc_block_public_access_options.this",
            "module.network.module.aws_network.module.vpc.aws_vpc_dhcp_options.this",
            "module.network.module.aws_network.module.vpc.aws_vpc_dhcp_options_association.this",
            "module.network.module.aws_network.module.vpc.aws_vpc_ipv4_cidr_block_association.this",
            "module.network.module.aws_network.module.vpc.aws_vpn_gateway.this",
            "module.network.module.aws_network.module.vpc.aws_vpn_gateway_attachment.this",
            "module.network.module.aws_network.module.vpc.aws_vpn_gateway_route_propagation.intra",
            "module.network.module.aws_network.module.vpc.aws_vpn_gateway_route_propagation.private",
            "module.network.module.aws_network.module.vpc.aws_vpn_gateway_route_propagation.public",
            "module.network.module.aws_network.module.vpc.data.aws_caller_identity.current",
            "module.network.module.aws_network.module.vpc.data.aws_iam_policy_document.flow_log_cloudwatch_assume_role",
            "module.network.module.aws_network.module.vpc.data.aws_iam_policy_document.vpc_flow_log_cloudwatch",
            "module.network.module.aws_network.module.vpc.data.aws_partition.current",
            "module.network.module.aws_network.module.vpc.data.aws_region.current",
            "module.network.module.gcp_network.google_compute_firewall.allow_health_checks",
            "module.network.module.gcp_network.google_compute_firewall.allow_internal",
            "module.network.module.gcp_network.google_compute_network.vpc",
            "module.network.module.gcp_network.google_compute_router.router",
            "module.network.module.gcp_network.google_compute_router_nat.nat",
            "module.network.module.gcp_network.google_compute_subnetwork.private",
            "module.network.module.gcp_network.google_compute_subnetwork.public"
          ]
        }
      ]
    },
    {
      "module": "module.network.module.gcp_network[0]",
      "mode": "managed",
      "type": "google_compute_firewall",
      "name": "allow_health_checks",
      "provider": "provider[\"registry.terraform.io/hashicorp/google\"]",
      "instances": [
        {
          "schema_version": 1,
          "attributes": {
            "allow": [
              {
                "ports": [],
                "protocol": "tcp"
              }
            ],
            "creation_timestamp": "2025-06-26T09:52:59.967-07:00",
            "deny": [],
            "description": "",
            "destination_ranges": [],
            "direction": "INGRESS",
            "disabled": false,
            "enable_logging": null,
            "id": "projects/terraformproject-464104/global/firewalls/multicloud-dev-vpc-allow-health-checks",
            "log_config": [],
            "name": "multicloud-dev-vpc-allow-health-checks",
            "network": "https://www.googleapis.com/compute/v1/projects/terraformproject-464104/global/networks/multicloud-dev-vpc",
            "priority": 1000,
            "project": "terraformproject-464104",
            "self_link": "https://www.googleapis.com/compute/v1/projects/terraformproject-464104/global/firewalls/multicloud-dev-vpc-allow-health-checks",
            "source_ranges": [
              "130.211.0.0/22",
              "35.191.0.0/16"
            ],
            "source_service_accounts": null,
            "source_tags": null,
            "target_service_accounts": null,
            "target_tags": [
              "gke-node"
            ],
            "timeouts": null
          },
          "sensitive_attributes": [],
          "identity_schema_version": 0,
          "private": "eyJlMmJmYjczMC1lY2FhLTExZTYtOGY4OC0zNDM2M2JjN2M0YzAiOnsiY3JlYXRlIjoxMjAwMDAwMDAwMDAwLCJkZWxldGUiOjEyMDAwMDAwMDAwMDAsInVwZGF0ZSI6MTIwMDAwMDAwMDAwMH0sInNjaGVtYV92ZXJzaW9uIjoiMSJ9",
          "dependencies": [
            "module.network.module.gcp_network.google_compute_network.vpc"
          ],
          "create_before_destroy": true
        }
      ]
    },
    {
      "module": "module.network.module.gcp_network[0]",
      "mode": "managed",
      "type": "google_compute_firewall",
      "name": "allow_internal",
      "provider": "provider[\"registry.terraform.io/hashicorp/google\"]",
      "instances": [
        {
          "schema_version": 1,
          "attributes": {
            "allow": [
              {
                "ports": [
                  "0-65535"
                ],
                "protocol": "tcp"
              },
              {
                "ports": [
                  "0-65535"
                ],
                "protocol": "udp"
              },
              {
                "ports": [],
                "protocol": "icmp"
              }
            ],
            "creation_timestamp": "2025-06-26T09:53:00.565-07:00",
            "deny": [],
            "description": "",
            "destination_ranges": [],
            "direction": "INGRESS",
            "disabled": false,
            "enable_logging": null,
            "id": "projects/terraformproject-464104/global/firewalls/multicloud-dev-vpc-allow-internal",
            "log_config": [],
            "name": "multicloud-dev-vpc-allow-internal",
            "network": "https://www.googleapis.com/compute/v1/projects/terraformproject-464104/global/networks/multicloud-dev-vpc",
            "priority": 1000,
            "project": "terraformproject-464104",
            "self_link": "https://www.googleapis.com/compute/v1/projects/terraformproject-464104/global/firewalls/multicloud-dev-vpc-allow-internal",
            "source_ranges": [
              "10.0.0.0/16"
            ],
            "source_service_accounts": null,
            "source_tags": null,
            "target_service_accounts": null,
            "target_tags": null,
            "timeouts": null
          },
          "sensitive_attributes": [],
          "identity_schema_version": 0,
          "private": "eyJlMmJmYjczMC1lY2FhLTExZTYtOGY4OC0zNDM2M2JjN2M0YzAiOnsiY3JlYXRlIjoxMjAwMDAwMDAwMDAwLCJkZWxldGUiOjEyMDAwMDAwMDAwMDAsInVwZGF0ZSI6MTIwMDAwMDAwMDAwMH0sInNjaGVtYV92ZXJzaW9uIjoiMSJ9",
          "dependencies": [
            "module.network.module.gcp_network.google_compute_network.vpc"
          ],
          "create_before_destroy": true
        }
      ]
    },
    {
      "module": "module.network.module.gcp_network[0]",
      "mode": "managed",
      "type": "google_compute_network",
      "name": "vpc",
      "provider": "provider[\"registry.terraform.io/hashicorp/google\"]",
      "instances": [
        {
          "schema_version": 0,
          "attributes": {
            "auto_create_subnetworks": false,
            "bgp_always_compare_med": false,
            "bgp_best_path_selection_mode": "LEGACY",
            "bgp_inter_region_cost": "",
            "delete_default_routes_on_create": false,
            "description": "",
            "enable_ula_internal_ipv6": false,
            "gateway_ipv4": "",
            "id": "projects/terraformproject-464104/global/networks/multicloud-dev-vpc",
            "internal_ipv6_range": "",
            "mtu": 0,
            "name": "multicloud-dev-vpc",
            "network_firewall_policy_enforcement_order": "AFTER_CLASSIC_FIREWALL",
            "network_id": "5971548868719985712",
            "network_profile": "",
            "numeric_id": "5971548868719985712",
            "project": "terraformproject-464104",
            "routing_mode": "REGIONAL",
            "self_link": "https://www.googleapis.com/compute/v1/projects/terraformproject-464104/global/networks/multicloud-dev-vpc",
            "timeouts": null
          },
          "sensitive_attributes": [],
          "identity_schema_version": 0,
          "private": "eyJlMmJmYjczMC1lY2FhLTExZTYtOGY4OC0zNDM2M2JjN2M0YzAiOnsiY3JlYXRlIjoxMjAwMDAwMDAwMDAwLCJkZWxldGUiOjEyMDAwMDAwMDAwMDAsInVwZGF0ZSI6MTIwMDAwMDAwMDAwMH19",
          "create_before_destroy": true
        }
      ]
    },
    {
      "module": "module.network.module.gcp_network[0]",
      "mode": "managed",
      "type": "google_compute_router",
      "name": "router",
      "provider": "provider[\"registry.terraform.io/hashicorp/google\"]",
      "instances": [
        {
          "index_key": 0,
          "schema_version": 0,
          "attributes": {
            "bgp": [],
            "creation_timestamp": "2025-06-26T09:53:00.795-07:00",
            "description": "",
            "encrypted_interconnect_router": false,
            "id": "projects/terraformproject-464104/regions/us-central1/routers/multicloud-dev-vpc-router",
            "md5_authentication_keys": [],
            "name": "multicloud-dev-vpc-router",
            "network": "https://www.googleapis.com/compute/v1/projects/terraformproject-464104/global/networks/multicloud-dev-vpc",
            "project": "terraformproject-464104",
            "region": "us-central1",
            "self_link": "https://www.googleapis.com/compute/v1/projects/terraformproject-464104/regions/us-central1/routers/multicloud-dev-vpc-router",
            "timeouts": null
          },
          "sensitive_attributes": [],
          "identity_schema_version": 0,
          "private": "eyJlMmJmYjczMC1lY2FhLTExZTYtOGY4OC0zNDM2M2JjN2M0YzAiOnsiY3JlYXRlIjoxMjAwMDAwMDAwMDAwLCJkZWxldGUiOjEyMDAwMDAwMDAwMDAsInVwZGF0ZSI6MTIwMDAwMDAwMDAwMH19",
          "dependencies": [
            "module.network.module.gcp_network.google_compute_network.vpc"
          ],
          "create_before_destroy": true
        }
      ]
    },
    {
      "module": "module.network.module.gcp_network[0]",
      "mode": "managed",
      "type": "google_compute_router_nat",
      "name": "nat",
      "provider": "provider[\"registry.terraform.io/hashicorp/google\"]",
      "instances": [
        {
          "index_key": 0,
          "schema_version": 0,
          "attributes": {
            "auto_network_tier": null,
            "drain_nat_ips": [],
            "enable_dynamic_port_allocation": false,
            "enable_endpoint_independent_mapping": false,
            "endpoint_types": [
              "ENDPOINT_TYPE_VM"
            ],
            "icmp_idle_timeout_sec": 30,
            "id": "terraformproject-464104/us-central1/multicloud-dev-vpc-router/multicloud-dev-vpc-nat",
            "initial_nat_ips": null,
            "log_config": [
              {
                "enable": true,
                "filter": "ERRORS_ONLY"
              }
            ],
            "max_ports_per_vm": 0,
            "min_ports_per_vm": 0,
            "name": "multicloud-dev-vpc-nat",
            "nat64_subnetwork": [],
            "nat_ip_allocate_option": "AUTO_ONLY",
            "nat_ips": [],
            "project": "terraformproject-464104",
            "region": "us-central1",
            "router": "multicloud-dev-vpc-router",
            "rules": [],
            "source_subnetwork_ip_ranges_to_nat": "LIST_OF_SUBNETWORKS",
            "source_subnetwork_ip_ranges_to_nat64": "",
            "subnetwork": [
              {
                "name": "projects/terraformproject-464104/regions/us-central1/subnetworks/multicloud-dev-vpc-private-1",
                "secondary_ip_range_names": [],
                "source_ip_ranges_to_nat": [
                  "ALL_IP_RANGES"
                ]
              },
              {
                "name": "projects/terraformproject-464104/regions/us-central1/subnetworks/multicloud-dev-vpc-private-2",
                "secondary_ip_range_names": [],
                "source_ip_ranges_to_nat": [
                  "ALL_IP_RANGES"
                ]
              },
              {
                "name": "projects/terraformproject-464104/regions/us-central1/subnetworks/multicloud-dev-vpc-private-3",
                "secondary_ip_range_names": [],
                "source_ip_ranges_to_nat": [
                  "ALL_IP_RANGES"
                ]
              }
            ],
            "tcp_established_idle_timeout_sec": 1200,
            "tcp_time_wait_timeout_sec": 120,
            "tcp_transitory_idle_timeout_sec": 30,
            "timeouts": null,
            "type": "PUBLIC",
            "udp_idle_timeout_sec": 30
          },
          "sensitive_attributes": [],
          "identity_schema_version": 0,
          "private": "eyJlMmJmYjczMC1lY2FhLTExZTYtOGY4OC0zNDM2M2JjN2M0YzAiOnsiY3JlYXRlIjoxMjAwMDAwMDAwMDAwLCJkZWxldGUiOjEyMDAwMDAwMDAwMDAsInVwZGF0ZSI6MTIwMDAwMDAwMDAwMH19",
          "dependencies": [
            "module.network.module.gcp_network.google_compute_network.vpc",
            "module.network.module.gcp_network.google_compute_router.router",
            "module.network.module.gcp_network.google_compute_subnetwork.private"
          ],
          "create_before_destroy": true
        }
      ]
    },
    {
      "module": "module.network.module.gcp_network[0]",
      "mode": "managed",
      "type": "google_compute_subnetwork",
      "name": "private",
      "provider": "provider[\"registry.terraform.io/hashicorp/google\"]",
      "instances": [
        {
          "index_key": 0,
          "schema_version": 0,
          "attributes": {
            "creation_timestamp": "2025-06-26T09:53:01.160-07:00",
            "description": "",
            "enable_flow_logs": true,
            "external_ipv6_prefix": "",
            "fingerprint": null,
            "gateway_address": "10.0.1.1",
            "id": "projects/terraformproject-464104/regions/us-central1/subnetworks/multicloud-dev-vpc-private-1",
            "internal_ipv6_prefix": "",
            "ip_cidr_range": "10.0.1.0/24",
            "ip_collection": null,
            "ipv6_access_type": "",
            "ipv6_cidr_range": "",
            "ipv6_gce_endpoint": "",
            "log_config": [
              {
                "aggregation_interval": "INTERVAL_5_SEC",
                "filter_expr": "true",
                "flow_sampling": 0.5,
                "metadata": "INCLUDE_ALL_METADATA",
                "metadata_fields": null
              }
            ],
            "name": "multicloud-dev-vpc-private-1",
            "network": "https://www.googleapis.com/compute/v1/projects/terraformproject-464104/global/networks/multicloud-dev-vpc",
            "private_ip_google_access": true,
            "private_ipv6_google_access": "DISABLE_GOOGLE_ACCESS",
            "project": "terraformproject-464104",
            "purpose": "PRIVATE",
            "region": "us-central1",
            "reserved_internal_range": "",
            "role": "",
            "secondary_ip_range": [
              {
                "ip_cidr_range": "10.0.160.0/20",
                "range_name": "gke-pods",
                "reserved_internal_range": ""
              },
              {
                "ip_cidr_range": "10.0.200.0/24",
                "range_name": "gke-services",
                "reserved_internal_range": ""
              }
            ],
            "self_link": "https://www.googleapis.com/compute/v1/projects/terraformproject-464104/regions/us-central1/subnetworks/multicloud-dev-vpc-private-1",
            "send_secondary_ip_range_if_empty": null,
            "stack_type": "IPV4_ONLY",
            "state": "",
            "subnetwork_id": 2666464031416566786,
            "timeouts": null
          },
          "sensitive_attributes": [],
          "identity_schema_version": 0,
          "private": "eyJlMmJmYjczMC1lY2FhLTExZTYtOGY4OC0zNDM2M2JjN2M0YzAiOnsiY3JlYXRlIjoxMjAwMDAwMDAwMDAwLCJkZWxldGUiOjEyMDAwMDAwMDAwMDAsInVwZGF0ZSI6MTIwMDAwMDAwMDAwMH19",
          "dependencies": [
            "module.network.module.gcp_network.google_compute_network.vpc"
          ],
          "create_before_destroy": true
        },
        {
          "index_key": 1,
          "schema_version": 0,
          "attributes": {
            "creation_timestamp": "2025-06-26T09:53:01.402-07:00",
            "description": "",
            "enable_flow_logs": true,
            "external_ipv6_prefix": "",
            "fingerprint": null,
            "gateway_address": "10.0.2.1",
            "id": "projects/terraformproject-464104/regions/us-central1/subnetworks/multicloud-dev-vpc-private-2",
            "internal_ipv6_prefix": "",
            "ip_cidr_range": "10.0.2.0/24",
            "ip_collection": null,
            "ipv6_access_type": "",
            "ipv6_cidr_range": "",
            "ipv6_gce_endpoint": "",
            "log_config": [
              {
                "aggregation_interval": "INTERVAL_5_SEC",
                "filter_expr": "true",
                "flow_sampling": 0.5,
                "metadata": "INCLUDE_ALL_METADATA",
                "metadata_fields": null
              }
            ],
            "name": "multicloud-dev-vpc-private-2",
            "network": "https://www.googleapis.com/compute/v1/projects/terraformproject-464104/global/networks/multicloud-dev-vpc",
            "private_ip_google_access": true,
            "private_ipv6_google_access": "DISABLE_GOOGLE_ACCESS",
            "project": "terraformproject-464104",
            "purpose": "PRIVATE",
            "region": "us-central1",
            "reserved_internal_range": "",
            "role": "",
            "secondary_ip_range": [],
            "self_link": "https://www.googleapis.com/compute/v1/projects/terraformproject-464104/regions/us-central1/subnetworks/multicloud-dev-vpc-private-2",
            "send_secondary_ip_range_if_empty": null,
            "stack_type": "IPV4_ONLY",
            "state": "",
            "subnetwork_id": 809425180281586690,
            "timeouts": null
          },
          "sensitive_attributes": [],
          "identity_schema_version": 0,
          "private": "eyJlMmJmYjczMC1lY2FhLTExZTYtOGY4OC0zNDM2M2JjN2M0YzAiOnsiY3JlYXRlIjoxMjAwMDAwMDAwMDAwLCJkZWxldGUiOjEyMDAwMDAwMDAwMDAsInVwZGF0ZSI6MTIwMDAwMDAwMDAwMH19",
          "dependencies": [
            "module.network.module.gcp_network.google_compute_network.vpc"
          ],
          "create_before_destroy": true
        },
        {
          "index_key": 2,
          "schema_version": 0,
          "attributes": {
            "creation_timestamp": "2025-06-26T09:53:01.312-07:00",
            "description": "",
            "enable_flow_logs": true,
            "external_ipv6_prefix": "",
            "fingerprint": null,
            "gateway_address": "10.0.3.1",
            "id": "projects/terraformproject-464104/regions/us-central1/subnetworks/multicloud-dev-vpc-private-3",
            "internal_ipv6_prefix": "",
            "ip_cidr_range": "10.0.3.0/24",
            "ip_collection": null,
            "ipv6_access_type": "",
            "ipv6_cidr_range": "",
            "ipv6_gce_endpoint": "",
            "log_config": [
              {
                "aggregation_interval": "INTERVAL_5_SEC",
                "filter_expr": "true",
                "flow_sampling": 0.5,
                "metadata": "INCLUDE_ALL_METADATA",
                "metadata_fields": null
              }
            ],
            "name": "multicloud-dev-vpc-private-3",
            "network": "https://www.googleapis.com/compute/v1/projects/terraformproject-464104/global/networks/multicloud-dev-vpc",
            "private_ip_google_access": true,
            "private_ipv6_google_access": "DISABLE_GOOGLE_ACCESS",
            "project": "terraformproject-464104",
            "purpose": "PRIVATE",
            "region": "us-central1",
            "reserved_internal_range": "",
            "role": "",
            "secondary_ip_range": [],
            "self_link": "https://www.googleapis.com/compute/v1/projects/terraformproject-464104/regions/us-central1/subnetworks/multicloud-dev-vpc-private-3",
            "send_secondary_ip_range_if_empty": null,
            "stack_type": "IPV4_ONLY",
            "state": "",
            "subnetwork_id": 4191369007102739458,
            "timeouts": null
          },
          "sensitive_attributes": [],
          "identity_schema_version": 0,
          "private": "eyJlMmJmYjczMC1lY2FhLTExZTYtOGY4OC0zNDM2M2JjN2M0YzAiOnsiY3JlYXRlIjoxMjAwMDAwMDAwMDAwLCJkZWxldGUiOjEyMDAwMDAwMDAwMDAsInVwZGF0ZSI6MTIwMDAwMDAwMDAwMH19",
          "dependencies": [
            "module.network.module.gcp_network.google_compute_network.vpc"
          ],
          "create_before_destroy": true
        }
      ]
    },
    {
      "module": "module.network.module.gcp_network[0]",
      "mode": "managed",
      "type": "google_compute_subnetwork",
      "name": "public",
      "provider": "provider[\"registry.terraform.io/hashicorp/google\"]",
      "instances": [
        {
          "index_key": 0,
          "schema_version": 0,
          "attributes": {
            "creation_timestamp": "2025-06-26T09:53:00.804-07:00",
            "description": "",
            "enable_flow_logs": false,
            "external_ipv6_prefix": "",
            "fingerprint": null,
            "gateway_address": "10.0.101.1",
            "id": "projects/terraformproject-464104/regions/us-central1/subnetworks/multicloud-dev-vpc-public-1",
            "internal_ipv6_prefix": "",
            "ip_cidr_range": "10.0.101.0/24",
            "ip_collection": null,
            "ipv6_access_type": "",
            "ipv6_cidr_range": "",
            "ipv6_gce_endpoint": "",
            "log_config": [],
            "name": "multicloud-dev-vpc-public-1",
            "network": "https://www.googleapis.com/compute/v1/projects/terraformproject-464104/global/networks/multicloud-dev-vpc",
            "private_ip_google_access": false,
            "private_ipv6_google_access": "DISABLE_GOOGLE_ACCESS",
            "project": "terraformproject-464104",
            "purpose": "PRIVATE",
            "region": "us-central1",
            "reserved_internal_range": "",
            "role": "",
            "secondary_ip_range": [],
            "self_link": "https://www.googleapis.com/compute/v1/projects/terraformproject-464104/regions/us-central1/subnetworks/multicloud-dev-vpc-public-1",
            "send_secondary_ip_range_if_empty": null,
            "stack_type": "IPV4_ONLY",
            "state": "",
            "subnetwork_id": 2713847815728055299,
            "timeouts": null
          },
          "sensitive_attributes": [],
          "identity_schema_version": 0,
          "private": "eyJlMmJmYjczMC1lY2FhLTExZTYtOGY4OC0zNDM2M2JjN2M0YzAiOnsiY3JlYXRlIjoxMjAwMDAwMDAwMDAwLCJkZWxldGUiOjEyMDAwMDAwMDAwMDAsInVwZGF0ZSI6MTIwMDAwMDAwMDAwMH19",
          "dependencies": [
            "module.network.module.gcp_network.google_compute_network.vpc"
          ],
          "create_before_destroy": true
        },
        {
          "index_key": 1,
          "schema_version": 0,
          "attributes": {
            "creation_timestamp": "2025-06-26T09:53:01.320-07:00",
            "description": "",
            "enable_flow_logs": false,
            "external_ipv6_prefix": "",
            "fingerprint": null,
            "gateway_address": "10.0.102.1",
            "id": "projects/terraformproject-464104/regions/us-central1/subnetworks/multicloud-dev-vpc-public-2",
            "internal_ipv6_prefix": "",
            "ip_cidr_range": "10.0.102.0/24",
            "ip_collection": null,
            "ipv6_access_type": "",
            "ipv6_cidr_range": "",
            "ipv6_gce_endpoint": "",
            "log_config": [],
            "name": "multicloud-dev-vpc-public-2",
            "network": "https://www.googleapis.com/compute/v1/projects/terraformproject-464104/global/networks/multicloud-dev-vpc",
            "private_ip_google_access": false,
            "private_ipv6_google_access": "DISABLE_GOOGLE_ACCESS",
            "project": "terraformproject-464104",
            "purpose": "PRIVATE",
            "region": "us-central1",
            "reserved_internal_range": "",
            "role": "",
            "secondary_ip_range": [],
            "self_link": "https://www.googleapis.com/compute/v1/projects/terraformproject-464104/regions/us-central1/subnetworks/multicloud-dev-vpc-public-2",
            "send_secondary_ip_range_if_empty": null,
            "stack_type": "IPV4_ONLY",
            "state": "",
            "subnetwork_id": 2848940608954876930,
            "timeouts": null
          },
          "sensitive_attributes": [],
          "identity_schema_version": 0,
          "private": "eyJlMmJmYjczMC1lY2FhLTExZTYtOGY4OC0zNDM2M2JjN2M0YzAiOnsiY3JlYXRlIjoxMjAwMDAwMDAwMDAwLCJkZWxldGUiOjEyMDAwMDAwMDAwMDAsInVwZGF0ZSI6MTIwMDAwMDAwMDAwMH19",
          "dependencies": [
            "module.network.module.gcp_network.google_compute_network.vpc"
          ],
          "create_before_destroy": true
        },
        {
          "index_key": 2,
          "schema_version": 0,
          "attributes": {
            "creation_timestamp": "2025-06-26T09:53:01.305-07:00",
            "description": "",
            "enable_flow_logs": false,
            "external_ipv6_prefix": "",
            "fingerprint": null,
            "gateway_address": "10.0.103.1",
            "id": "projects/terraformproject-464104/regions/us-central1/subnetworks/multicloud-dev-vpc-public-3",
            "internal_ipv6_prefix": "",
            "ip_cidr_range": "10.0.103.0/24",
            "ip_collection": null,
            "ipv6_access_type": "",
            "ipv6_cidr_range": "",
            "ipv6_gce_endpoint": "",
            "log_config": [],
            "name": "multicloud-dev-vpc-public-3",
            "network": "https://www.googleapis.com/compute/v1/projects/terraformproject-464104/global/networks/multicloud-dev-vpc",
            "private_ip_google_access": false,
            "private_ipv6_google_access": "DISABLE_GOOGLE_ACCESS",
            "project": "terraformproject-464104",
            "purpose": "PRIVATE",
            "region": "us-central1",
            "reserved_internal_range": "",
            "role": "",
            "secondary_ip_range": [],
            "self_link": "https://www.googleapis.com/compute/v1/projects/terraformproject-464104/regions/us-central1/subnetworks/multicloud-dev-vpc-public-3",
            "send_secondary_ip_range_if_empty": null,
            "stack_type": "IPV4_ONLY",
            "state": "",
            "subnetwork_id": 1902338853527667714,
            "timeouts": null
          },
          "sensitive_attributes": [],
          "identity_schema_version": 0,
          "private": "eyJlMmJmYjczMC1lY2FhLTExZTYtOGY4OC0zNDM2M2JjN2M0YzAiOnsiY3JlYXRlIjoxMjAwMDAwMDAwMDAwLCJkZWxldGUiOjEyMDAwMDAwMDAwMDAsInVwZGF0ZSI6MTIwMDAwMDAwMDAwMH19",
          "dependencies": [
            "module.network.module.gcp_network.google_compute_network.vpc"
          ],
          "create_before_destroy": true
        }
      ]
    }
  ],
  "check_results": [
    {
      "object_kind": "resource",
      "config_addr": "module.kubernetes.module.aws_eks.module.eks.module.self_managed_node_group.module.user_data.null_resource.validate_cluster_service_cidr",
      "status": "pass",
      "objects": null
    },
    {
      "object_kind": "resource",
      "config_addr": "module.kubernetes.module.aws_eks.module.eks.module.eks_managed_node_group.module.user_data.null_resource.validate_cluster_service_cidr",
      "status": "pass",
      "objects": null
    },
    {
      "object_kind": "var",
      "config_addr": "var.cloud_provider",
      "status": "pass",
      "objects": [
        {
          "object_addr": "var.cloud_provider",
          "status": "pass"
        }
      ]
    },
    {
      "object_kind": "var",
      "config_addr": "module.kubernetes.module.aws_eks.module.eks.module.self_managed_node_group.var.platform",
      "status": "pass",
      "objects": null
    }
  ]
}
